// !$*UTF8*$!
{
	archiveVersion = 1;
	classes = {
	};
	objectVersion = 55;
	objects = {

/* Begin PBXBuildFile section */
		590E9EDE28184193005F3956 /* String+Capitalization.swift in Sources */ = {isa = PBXBuildFile; fileRef = 590E9EDD28184193005F3956 /* String+Capitalization.swift */; };
		590E9EE028184203005F3956 /* UIImageView+Gif.swift in Sources */ = {isa = PBXBuildFile; fileRef = 590E9EDF28184203005F3956 /* UIImageView+Gif.swift */; };
		590E9EE22818F1B7005F3956 /* TranslatorFieldCoordinator.swift in Sources */ = {isa = PBXBuildFile; fileRef = 590E9EE12818F1B7005F3956 /* TranslatorFieldCoordinator.swift */; };
		590E9EE42818F4F1005F3956 /* TranslatorFieldViewController.swift in Sources */ = {isa = PBXBuildFile; fileRef = 590E9EE32818F4F1005F3956 /* TranslatorFieldViewController.swift */; };
		593A5A3B2819622E000220D4 /* TranslatorViewModel.swift in Sources */ = {isa = PBXBuildFile; fileRef = 593A5A3A2819622E000220D4 /* TranslatorViewModel.swift */; };
		593A5A3D28196ABF000220D4 /* TranslationNetwork.swift in Sources */ = {isa = PBXBuildFile; fileRef = 593A5A3C28196ABF000220D4 /* TranslationNetwork.swift */; };
		593A5A402819C884000220D4 /* WeatherViewModel.swift in Sources */ = {isa = PBXBuildFile; fileRef = 593A5A3F2819C884000220D4 /* WeatherViewModel.swift */; };
		593A5A42281A0197000220D4 /* WeatherViewModelTests.swift in Sources */ = {isa = PBXBuildFile; fileRef = 593A5A41281A0197000220D4 /* WeatherViewModelTests.swift */; };
		597E42D8280039CF00FFA50D /* AppDelegate.swift in Sources */ = {isa = PBXBuildFile; fileRef = 597E42D7280039CF00FFA50D /* AppDelegate.swift */; };
		597E42DA280039CF00FFA50D /* SceneDelegate.swift in Sources */ = {isa = PBXBuildFile; fileRef = 597E42D9280039CF00FFA50D /* SceneDelegate.swift */; };
		597E42DC280039CF00FFA50D /* ConverterViewController.swift in Sources */ = {isa = PBXBuildFile; fileRef = 597E42DB280039CF00FFA50D /* ConverterViewController.swift */; };
		597E42E1280039D100FFA50D /* Assets.xcassets in Resources */ = {isa = PBXBuildFile; fileRef = 597E42E0280039D100FFA50D /* Assets.xcassets */; };
		597E42E4280039D100FFA50D /* LaunchScreen.storyboard in Resources */ = {isa = PBXBuildFile; fileRef = 597E42E2280039D100FFA50D /* LaunchScreen.storyboard */; };
		597E42EE28003AF600FFA50D /* MainTabBarController.swift in Sources */ = {isa = PBXBuildFile; fileRef = 597E42ED28003AF600FFA50D /* MainTabBarController.swift */; };
		597E42F128003BA300FFA50D /* ConverterCoordinator.swift in Sources */ = {isa = PBXBuildFile; fileRef = 597E42F028003BA300FFA50D /* ConverterCoordinator.swift */; };
		597E42F828003BFE00FFA50D /* WeatherCoordinator.swift in Sources */ = {isa = PBXBuildFile; fileRef = 597E42F728003BFE00FFA50D /* WeatherCoordinator.swift */; };
		597E42FA28003C1000FFA50D /* WeatherViewController.swift in Sources */ = {isa = PBXBuildFile; fileRef = 597E42F928003C1000FFA50D /* WeatherViewController.swift */; };
		597E42FF28003C3E00FFA50D /* TranslatorCoordinator.swift in Sources */ = {isa = PBXBuildFile; fileRef = 597E42FE28003C3E00FFA50D /* TranslatorCoordinator.swift */; };
		597E430128003C4B00FFA50D /* TranslatorViewController.swift in Sources */ = {isa = PBXBuildFile; fileRef = 597E430028003C4B00FFA50D /* TranslatorViewController.swift */; };
		597E430328003C6F00FFA50D /* AppCoordinator.swift in Sources */ = {isa = PBXBuildFile; fileRef = 597E430228003C6F00FFA50D /* AppCoordinator.swift */; };
		597E431428004CEA00FFA50D /* CurrencyData.json in Resources */ = {isa = PBXBuildFile; fileRef = 597E431328004CEA00FFA50D /* CurrencyData.json */; };
		597E431628004DC300FFA50D /* ConverterViewModel.swift in Sources */ = {isa = PBXBuildFile; fileRef = 597E431528004DC300FFA50D /* ConverterViewModel.swift */; };
		597E431E28006EB400FFA50D /* Currency.swift in Sources */ = {isa = PBXBuildFile; fileRef = 597E431D28006EB400FFA50D /* Currency.swift */; };
		597E432028006F1500FFA50D /* ConversionNetwork.swift in Sources */ = {isa = PBXBuildFile; fileRef = 597E431F28006F1500FFA50D /* ConversionNetwork.swift */; };
		597E43222800719D00FFA50D /* CurrencySelectionCoordinator.swift in Sources */ = {isa = PBXBuildFile; fileRef = 597E43212800719D00FFA50D /* CurrencySelectionCoordinator.swift */; };
		597E4324280071EA00FFA50D /* CurrencySelectionViewController.swift in Sources */ = {isa = PBXBuildFile; fileRef = 597E4323280071EA00FFA50D /* CurrencySelectionViewController.swift */; };
		5988803A282298A300F6C55A /* FakeCurrencyData.json in Resources */ = {isa = PBXBuildFile; fileRef = 59888039282298A300F6C55A /* FakeCurrencyData.json */; };
		5988803D2822A5F400F6C55A /* NewYorkWeatherData.json in Resources */ = {isa = PBXBuildFile; fileRef = 5988803C2822A5F400F6C55A /* NewYorkWeatherData.json */; };
		598880412822AA1200F6C55A /* TranslatorViewModelTests.swift in Sources */ = {isa = PBXBuildFile; fileRef = 5988803E2822A9FD00F6C55A /* TranslatorViewModelTests.swift */; };
		598880432822D6DA00F6C55A /* ParisWeatherData.json in Resources */ = {isa = PBXBuildFile; fileRef = 598880422822D6DA00F6C55A /* ParisWeatherData.json */; };
		59AC0C26281FBF300055BBDE /* UIView+Colors.swift in Sources */ = {isa = PBXBuildFile; fileRef = 59AC0C25281FBF300055BBDE /* UIView+Colors.swift */; };
		59AC0C282820E6A60055BBDE /* TranslateResponse.swift in Sources */ = {isa = PBXBuildFile; fileRef = 59AC0C272820E6A60055BBDE /* TranslateResponse.swift */; };
		59AF4F172808635B00EC8DCD /* CurrencyResponse.swift in Sources */ = {isa = PBXBuildFile; fileRef = 59AF4F162808635B00EC8DCD /* CurrencyResponse.swift */; };
		59C00B472823ACF700CC6C42 /* Data+Extensions.swift in Sources */ = {isa = PBXBuildFile; fileRef = 59C00B462823ACF700CC6C42 /* Data+Extensions.swift */; };
		59C00B492823AD8600CC6C42 /* DecodableTestCase.swift in Sources */ = {isa = PBXBuildFile; fileRef = 59C00B482823AD8600CC6C42 /* DecodableTestCase.swift */; };
		59C00B4B2823B21000CC6C42 /* CurrencyResponseTests.swift in Sources */ = {isa = PBXBuildFile; fileRef = 59C00B4A2823B21000CC6C42 /* CurrencyResponseTests.swift */; };
		59C00B4D2823BCB000CC6C42 /* ConversionNetworkType.swift in Sources */ = {isa = PBXBuildFile; fileRef = 59C00B4C2823BCB000CC6C42 /* ConversionNetworkType.swift */; };
		59C00B4F2823BD5A00CC6C42 /* MockConversionNetwork.swift in Sources */ = {isa = PBXBuildFile; fileRef = 59C00B4E2823BD5A00CC6C42 /* MockConversionNetwork.swift */; };
		59C00B512823C83D00CC6C42 /* ConversionAPINetworkTests.swift in Sources */ = {isa = PBXBuildFile; fileRef = 59C00B502823C83D00CC6C42 /* ConversionAPINetworkTests.swift */; };
		59C00B552823E2EF00CC6C42 /* ServiceError.swift in Sources */ = {isa = PBXBuildFile; fileRef = 59C00B542823E2EF00CC6C42 /* ServiceError.swift */; };
		59C00B582823E83800CC6C42 /* MockWeatherNetwork.swift in Sources */ = {isa = PBXBuildFile; fileRef = 59C00B572823E83800CC6C42 /* MockWeatherNetwork.swift */; };
		59C00B5A2823E92A00CC6C42 /* WeatherResponseTests.swift in Sources */ = {isa = PBXBuildFile; fileRef = 59C00B592823E92A00CC6C42 /* WeatherResponseTests.swift */; };
		59C00B5C2823EAAF00CC6C42 /* WeatherAPINetworkTests.swift in Sources */ = {isa = PBXBuildFile; fileRef = 59C00B5B2823EAAF00CC6C42 /* WeatherAPINetworkTests.swift */; };
		59C00B5D282405EC00CC6C42 /* NewYorkWeatherData.json in Resources */ = {isa = PBXBuildFile; fileRef = 5988803C2822A5F400F6C55A /* NewYorkWeatherData.json */; };
		59C00B5F2824182400CC6C42 /* FakeTranslateData.json in Sources */ = {isa = PBXBuildFile; fileRef = 59C00B5E2824182400CC6C42 /* FakeTranslateData.json */; };
		59C00B62282418D200CC6C42 /* MockTranslationNetwork.swift in Sources */ = {isa = PBXBuildFile; fileRef = 59C00B61282418D200CC6C42 /* MockTranslationNetwork.swift */; };
		59C00B64282420F400CC6C42 /* TranslateResponseTests.swift in Sources */ = {isa = PBXBuildFile; fileRef = 59C00B63282420F400CC6C42 /* TranslateResponseTests.swift */; };
		59C00B652824216000CC6C42 /* FakeCurrencyData.json in Resources */ = {isa = PBXBuildFile; fileRef = 59888039282298A300F6C55A /* FakeCurrencyData.json */; };
		59C00B662824D27E00CC6C42 /* ParisWeatherData.json in Resources */ = {isa = PBXBuildFile; fileRef = 598880422822D6DA00F6C55A /* ParisWeatherData.json */; };
		59C00B672824D28100CC6C42 /* FakeTranslateData.json in Resources */ = {isa = PBXBuildFile; fileRef = 59C00B5E2824182400CC6C42 /* FakeTranslateData.json */; };
		59C00B692824D8F200CC6C42 /* cities.json in Resources */ = {isa = PBXBuildFile; fileRef = 59C00B682824D8F200CC6C42 /* cities.json */; };
		59C00B6A2824D8F200CC6C42 /* cities.json in Resources */ = {isa = PBXBuildFile; fileRef = 59C00B682824D8F200CC6C42 /* cities.json */; };
		59C00B6B2825383A00CC6C42 /* FakeTranslateData.json in Resources */ = {isa = PBXBuildFile; fileRef = 59C00B5E2824182400CC6C42 /* FakeTranslateData.json */; };
		59CB5EE7280F26FA00470E7C /* ConverterViewModelTests.swift in Sources */ = {isa = PBXBuildFile; fileRef = 59CB5EE6280F26FA00470E7C /* ConverterViewModelTests.swift */; };
		59CB5EF2280F6D5D00470E7C /* sunny.gif in Resources */ = {isa = PBXBuildFile; fileRef = 59CB5EF1280F6D5D00470E7C /* sunny.gif */; };
		59CB5F07280F830500470E7C /* partlyCloudyNight.gif in Resources */ = {isa = PBXBuildFile; fileRef = 59CB5EF3280F830200470E7C /* partlyCloudyNight.gif */; };
		59CB5F08280F830500470E7C /* mostlyCloudyNight.gif in Resources */ = {isa = PBXBuildFile; fileRef = 59CB5EF4280F830200470E7C /* mostlyCloudyNight.gif */; };
		59CB5F09280F830500470E7C /* rainSunny.gif in Resources */ = {isa = PBXBuildFile; fileRef = 59CB5EF5280F830200470E7C /* rainSunny.gif */; };
		59CB5F0A280F830500470E7C /* snowyNight.gif in Resources */ = {isa = PBXBuildFile; fileRef = 59CB5EF6280F830300470E7C /* snowyNight.gif */; };
		59CB5F0B280F830500470E7C /* windy.gif in Resources */ = {isa = PBXBuildFile; fileRef = 59CB5EF7280F830300470E7C /* windy.gif */; };
		59CB5F0C280F830500470E7C /* drizzle.gif in Resources */ = {isa = PBXBuildFile; fileRef = 59CB5EF8280F830300470E7C /* drizzle.gif */; };
		59CB5F0D280F830500470E7C /* partlyCloudy.gif in Resources */ = {isa = PBXBuildFile; fileRef = 59CB5EF9280F830300470E7C /* partlyCloudy.gif */; };
		59CB5F0E280F830500470E7C /* mist.gif in Resources */ = {isa = PBXBuildFile; fileRef = 59CB5EFA280F830300470E7C /* mist.gif */; };
		59CB5F0F280F830500470E7C /* storm.gif in Resources */ = {isa = PBXBuildFile; fileRef = 59CB5EFB280F830300470E7C /* storm.gif */; };
		59CB5F10280F830500470E7C /* drizzleNight.gif in Resources */ = {isa = PBXBuildFile; fileRef = 59CB5EFC280F830300470E7C /* drizzleNight.gif */; };
		59CB5F11280F830500470E7C /* hurricane.gif in Resources */ = {isa = PBXBuildFile; fileRef = 59CB5EFD280F830300470E7C /* hurricane.gif */; };
		59CB5F12280F830500470E7C /* snowy.gif in Resources */ = {isa = PBXBuildFile; fileRef = 59CB5EFE280F830300470E7C /* snowy.gif */; };
		59CB5F13280F830500470E7C /* partlySunny.gif in Resources */ = {isa = PBXBuildFile; fileRef = 59CB5EFF280F830400470E7C /* partlySunny.gif */; };
		59CB5F14280F830500470E7C /* rainNight.gif in Resources */ = {isa = PBXBuildFile; fileRef = 59CB5F00280F830400470E7C /* rainNight.gif */; };
		59CB5F15280F830500470E7C /* snowySunny.gif in Resources */ = {isa = PBXBuildFile; fileRef = 59CB5F01280F830400470E7C /* snowySunny.gif */; };
		59CB5F16280F830500470E7C /* tornado.gif in Resources */ = {isa = PBXBuildFile; fileRef = 59CB5F02280F830400470E7C /* tornado.gif */; };
		59CB5F17280F830500470E7C /* drizzleSunny.gif in Resources */ = {isa = PBXBuildFile; fileRef = 59CB5F03280F830400470E7C /* drizzleSunny.gif */; };
		59CB5F18280F830500470E7C /* cloudy.gif in Resources */ = {isa = PBXBuildFile; fileRef = 59CB5F04280F830400470E7C /* cloudy.gif */; };
		59CB5F19280F830500470E7C /* clearNight.gif in Resources */ = {isa = PBXBuildFile; fileRef = 59CB5F05280F830400470E7C /* clearNight.gif */; };
		59CB5F1A280F830500470E7C /* rain.gif in Resources */ = {isa = PBXBuildFile; fileRef = 59CB5F06280F830500470E7C /* rain.gif */; };
		59CB5F1D280F934400470E7C /* UIImage+Gif.swift in Sources */ = {isa = PBXBuildFile; fileRef = 59CB5F1C280F934400470E7C /* UIImage+Gif.swift */; };
		59CB5F1F280F967B00470E7C /* CitySelectionCoordinator.swift in Sources */ = {isa = PBXBuildFile; fileRef = 59CB5F1E280F967B00470E7C /* CitySelectionCoordinator.swift */; };
		59CB5F21280F96C000470E7C /* CitySelectionViewController.swift in Sources */ = {isa = PBXBuildFile; fileRef = 59CB5F20280F96C000470E7C /* CitySelectionViewController.swift */; };
		59CB5F24280FB65B00470E7C /* WeatherNetwork.swift in Sources */ = {isa = PBXBuildFile; fileRef = 59CB5F23280FB65B00470E7C /* WeatherNetwork.swift */; };
		59CB5F26280FB82700470E7C /* WeatherResponse.swift in Sources */ = {isa = PBXBuildFile; fileRef = 59CB5F25280FB82700470E7C /* WeatherResponse.swift */; };
/* End PBXBuildFile section */

/* Begin PBXContainerItemProxy section */
		59CB5EE8280F26FA00470E7C /* PBXContainerItemProxy */ = {
			isa = PBXContainerItemProxy;
			containerPortal = 597E42CC280039CF00FFA50D /* Project object */;
			proxyType = 1;
			remoteGlobalIDString = 597E42D3280039CF00FFA50D;
			remoteInfo = "OC-P9-LeBaluchon";
		};
/* End PBXContainerItemProxy section */

/* Begin PBXFileReference section */
		590E9EDD28184193005F3956 /* String+Capitalization.swift */ = {isa = PBXFileReference; lastKnownFileType = sourcecode.swift; path = "String+Capitalization.swift"; sourceTree = "<group>"; };
		590E9EDF28184203005F3956 /* UIImageView+Gif.swift */ = {isa = PBXFileReference; lastKnownFileType = sourcecode.swift; path = "UIImageView+Gif.swift"; sourceTree = "<group>"; };
		590E9EE12818F1B7005F3956 /* TranslatorFieldCoordinator.swift */ = {isa = PBXFileReference; lastKnownFileType = sourcecode.swift; path = TranslatorFieldCoordinator.swift; sourceTree = "<group>"; };
		590E9EE32818F4F1005F3956 /* TranslatorFieldViewController.swift */ = {isa = PBXFileReference; lastKnownFileType = sourcecode.swift; path = TranslatorFieldViewController.swift; sourceTree = "<group>"; };
		593A5A3A2819622E000220D4 /* TranslatorViewModel.swift */ = {isa = PBXFileReference; lastKnownFileType = sourcecode.swift; path = TranslatorViewModel.swift; sourceTree = "<group>"; };
		593A5A3C28196ABF000220D4 /* TranslationNetwork.swift */ = {isa = PBXFileReference; lastKnownFileType = sourcecode.swift; path = TranslationNetwork.swift; sourceTree = "<group>"; };
		593A5A3F2819C884000220D4 /* WeatherViewModel.swift */ = {isa = PBXFileReference; lastKnownFileType = sourcecode.swift; path = WeatherViewModel.swift; sourceTree = "<group>"; };
		593A5A41281A0197000220D4 /* WeatherViewModelTests.swift */ = {isa = PBXFileReference; lastKnownFileType = sourcecode.swift; path = WeatherViewModelTests.swift; sourceTree = "<group>"; };
		597E42D4280039CF00FFA50D /* OC-P9-LeBaluchon.app */ = {isa = PBXFileReference; explicitFileType = wrapper.application; includeInIndex = 0; path = "OC-P9-LeBaluchon.app"; sourceTree = BUILT_PRODUCTS_DIR; };
		597E42D7280039CF00FFA50D /* AppDelegate.swift */ = {isa = PBXFileReference; lastKnownFileType = sourcecode.swift; path = AppDelegate.swift; sourceTree = "<group>"; };
		597E42D9280039CF00FFA50D /* SceneDelegate.swift */ = {isa = PBXFileReference; lastKnownFileType = sourcecode.swift; path = SceneDelegate.swift; sourceTree = "<group>"; };
		597E42DB280039CF00FFA50D /* ConverterViewController.swift */ = {isa = PBXFileReference; lastKnownFileType = sourcecode.swift; path = ConverterViewController.swift; sourceTree = "<group>"; };
		597E42E0280039D100FFA50D /* Assets.xcassets */ = {isa = PBXFileReference; lastKnownFileType = folder.assetcatalog; path = Assets.xcassets; sourceTree = "<group>"; };
		597E42E3280039D100FFA50D /* Base */ = {isa = PBXFileReference; lastKnownFileType = file.storyboard; name = Base; path = Base.lproj/LaunchScreen.storyboard; sourceTree = "<group>"; };
		597E42E5280039D100FFA50D /* Info.plist */ = {isa = PBXFileReference; lastKnownFileType = text.plist.xml; path = Info.plist; sourceTree = "<group>"; };
		597E42ED28003AF600FFA50D /* MainTabBarController.swift */ = {isa = PBXFileReference; lastKnownFileType = sourcecode.swift; path = MainTabBarController.swift; sourceTree = "<group>"; };
		597E42F028003BA300FFA50D /* ConverterCoordinator.swift */ = {isa = PBXFileReference; lastKnownFileType = sourcecode.swift; path = ConverterCoordinator.swift; sourceTree = "<group>"; };
		597E42F728003BFE00FFA50D /* WeatherCoordinator.swift */ = {isa = PBXFileReference; lastKnownFileType = sourcecode.swift; path = WeatherCoordinator.swift; sourceTree = "<group>"; };
		597E42F928003C1000FFA50D /* WeatherViewController.swift */ = {isa = PBXFileReference; lastKnownFileType = sourcecode.swift; path = WeatherViewController.swift; sourceTree = "<group>"; };
		597E42FE28003C3E00FFA50D /* TranslatorCoordinator.swift */ = {isa = PBXFileReference; lastKnownFileType = sourcecode.swift; path = TranslatorCoordinator.swift; sourceTree = "<group>"; };
		597E430028003C4B00FFA50D /* TranslatorViewController.swift */ = {isa = PBXFileReference; lastKnownFileType = sourcecode.swift; path = TranslatorViewController.swift; sourceTree = "<group>"; };
		597E430228003C6F00FFA50D /* AppCoordinator.swift */ = {isa = PBXFileReference; lastKnownFileType = sourcecode.swift; path = AppCoordinator.swift; sourceTree = "<group>"; };
		597E431328004CEA00FFA50D /* CurrencyData.json */ = {isa = PBXFileReference; lastKnownFileType = text.json; path = CurrencyData.json; sourceTree = "<group>"; xcLanguageSpecificationIdentifier = xcode.lang.json; };
		597E431528004DC300FFA50D /* ConverterViewModel.swift */ = {isa = PBXFileReference; lastKnownFileType = sourcecode.swift; path = ConverterViewModel.swift; sourceTree = "<group>"; };
		597E431D28006EB400FFA50D /* Currency.swift */ = {isa = PBXFileReference; lastKnownFileType = sourcecode.swift; path = Currency.swift; sourceTree = "<group>"; };
		597E431F28006F1500FFA50D /* ConversionNetwork.swift */ = {isa = PBXFileReference; lastKnownFileType = sourcecode.swift; path = ConversionNetwork.swift; sourceTree = "<group>"; };
		597E43212800719D00FFA50D /* CurrencySelectionCoordinator.swift */ = {isa = PBXFileReference; lastKnownFileType = sourcecode.swift; path = CurrencySelectionCoordinator.swift; sourceTree = "<group>"; };
		597E4323280071EA00FFA50D /* CurrencySelectionViewController.swift */ = {isa = PBXFileReference; lastKnownFileType = sourcecode.swift; path = CurrencySelectionViewController.swift; sourceTree = "<group>"; };
		59888039282298A300F6C55A /* FakeCurrencyData.json */ = {isa = PBXFileReference; fileEncoding = 4; lastKnownFileType = text.json; path = FakeCurrencyData.json; sourceTree = "<group>"; };
		5988803C2822A5F400F6C55A /* NewYorkWeatherData.json */ = {isa = PBXFileReference; fileEncoding = 4; lastKnownFileType = text.json; path = NewYorkWeatherData.json; sourceTree = "<group>"; };
		5988803E2822A9FD00F6C55A /* TranslatorViewModelTests.swift */ = {isa = PBXFileReference; lastKnownFileType = sourcecode.swift; path = TranslatorViewModelTests.swift; sourceTree = "<group>"; };
		598880422822D6DA00F6C55A /* ParisWeatherData.json */ = {isa = PBXFileReference; fileEncoding = 4; lastKnownFileType = text.json; path = ParisWeatherData.json; sourceTree = "<group>"; };
		59AC0C25281FBF300055BBDE /* UIView+Colors.swift */ = {isa = PBXFileReference; lastKnownFileType = sourcecode.swift; path = "UIView+Colors.swift"; sourceTree = "<group>"; };
		59AC0C272820E6A60055BBDE /* TranslateResponse.swift */ = {isa = PBXFileReference; lastKnownFileType = sourcecode.swift; path = TranslateResponse.swift; sourceTree = "<group>"; };
		59AF4F162808635B00EC8DCD /* CurrencyResponse.swift */ = {isa = PBXFileReference; lastKnownFileType = sourcecode.swift; path = CurrencyResponse.swift; sourceTree = "<group>"; };
		59C00B462823ACF700CC6C42 /* Data+Extensions.swift */ = {isa = PBXFileReference; lastKnownFileType = sourcecode.swift; path = "Data+Extensions.swift"; sourceTree = "<group>"; };
		59C00B482823AD8600CC6C42 /* DecodableTestCase.swift */ = {isa = PBXFileReference; lastKnownFileType = sourcecode.swift; path = DecodableTestCase.swift; sourceTree = "<group>"; };
		59C00B4A2823B21000CC6C42 /* CurrencyResponseTests.swift */ = {isa = PBXFileReference; lastKnownFileType = sourcecode.swift; path = CurrencyResponseTests.swift; sourceTree = "<group>"; };
		59C00B4C2823BCB000CC6C42 /* ConversionNetworkType.swift */ = {isa = PBXFileReference; lastKnownFileType = sourcecode.swift; path = ConversionNetworkType.swift; sourceTree = "<group>"; };
		59C00B4E2823BD5A00CC6C42 /* MockConversionNetwork.swift */ = {isa = PBXFileReference; lastKnownFileType = sourcecode.swift; path = MockConversionNetwork.swift; sourceTree = "<group>"; };
		59C00B502823C83D00CC6C42 /* ConversionAPINetworkTests.swift */ = {isa = PBXFileReference; lastKnownFileType = sourcecode.swift; path = ConversionAPINetworkTests.swift; sourceTree = "<group>"; };
		59C00B542823E2EF00CC6C42 /* ServiceError.swift */ = {isa = PBXFileReference; lastKnownFileType = sourcecode.swift; path = ServiceError.swift; sourceTree = "<group>"; };
		59C00B572823E83800CC6C42 /* MockWeatherNetwork.swift */ = {isa = PBXFileReference; lastKnownFileType = sourcecode.swift; path = MockWeatherNetwork.swift; sourceTree = "<group>"; };
		59C00B592823E92A00CC6C42 /* WeatherResponseTests.swift */ = {isa = PBXFileReference; lastKnownFileType = sourcecode.swift; path = WeatherResponseTests.swift; sourceTree = "<group>"; };
		59C00B5B2823EAAF00CC6C42 /* WeatherAPINetworkTests.swift */ = {isa = PBXFileReference; lastKnownFileType = sourcecode.swift; path = WeatherAPINetworkTests.swift; sourceTree = "<group>"; };
		59C00B5E2824182400CC6C42 /* FakeTranslateData.json */ = {isa = PBXFileReference; fileEncoding = 4; lastKnownFileType = text.json; path = FakeTranslateData.json; sourceTree = "<group>"; };
		59C00B61282418D200CC6C42 /* MockTranslationNetwork.swift */ = {isa = PBXFileReference; lastKnownFileType = sourcecode.swift; path = MockTranslationNetwork.swift; sourceTree = "<group>"; };
		59C00B63282420F400CC6C42 /* TranslateResponseTests.swift */ = {isa = PBXFileReference; lastKnownFileType = sourcecode.swift; path = TranslateResponseTests.swift; sourceTree = "<group>"; };
		59C00B682824D8F200CC6C42 /* cities.json */ = {isa = PBXFileReference; fileEncoding = 4; lastKnownFileType = text.json; path = cities.json; sourceTree = "<group>"; };
		59CB5EE4280F26FA00470E7C /* OC-P9-LeBaluchonTests.xctest */ = {isa = PBXFileReference; explicitFileType = wrapper.cfbundle; includeInIndex = 0; path = "OC-P9-LeBaluchonTests.xctest"; sourceTree = BUILT_PRODUCTS_DIR; };
		59CB5EE6280F26FA00470E7C /* ConverterViewModelTests.swift */ = {isa = PBXFileReference; lastKnownFileType = sourcecode.swift; path = ConverterViewModelTests.swift; sourceTree = "<group>"; };
		59CB5EF1280F6D5D00470E7C /* sunny.gif */ = {isa = PBXFileReference; lastKnownFileType = image.gif; path = sunny.gif; sourceTree = "<group>"; };
		59CB5EF3280F830200470E7C /* partlyCloudyNight.gif */ = {isa = PBXFileReference; lastKnownFileType = image.gif; path = partlyCloudyNight.gif; sourceTree = "<group>"; };
		59CB5EF4280F830200470E7C /* mostlyCloudyNight.gif */ = {isa = PBXFileReference; lastKnownFileType = image.gif; path = mostlyCloudyNight.gif; sourceTree = "<group>"; };
		59CB5EF5280F830200470E7C /* rainSunny.gif */ = {isa = PBXFileReference; lastKnownFileType = image.gif; path = rainSunny.gif; sourceTree = "<group>"; };
		59CB5EF6280F830300470E7C /* snowyNight.gif */ = {isa = PBXFileReference; lastKnownFileType = image.gif; path = snowyNight.gif; sourceTree = "<group>"; };
		59CB5EF7280F830300470E7C /* windy.gif */ = {isa = PBXFileReference; lastKnownFileType = image.gif; path = windy.gif; sourceTree = "<group>"; };
		59CB5EF8280F830300470E7C /* drizzle.gif */ = {isa = PBXFileReference; lastKnownFileType = image.gif; path = drizzle.gif; sourceTree = "<group>"; };
		59CB5EF9280F830300470E7C /* partlyCloudy.gif */ = {isa = PBXFileReference; lastKnownFileType = image.gif; path = partlyCloudy.gif; sourceTree = "<group>"; };
		59CB5EFA280F830300470E7C /* mist.gif */ = {isa = PBXFileReference; lastKnownFileType = image.gif; path = mist.gif; sourceTree = "<group>"; };
		59CB5EFB280F830300470E7C /* storm.gif */ = {isa = PBXFileReference; lastKnownFileType = image.gif; path = storm.gif; sourceTree = "<group>"; };
		59CB5EFC280F830300470E7C /* drizzleNight.gif */ = {isa = PBXFileReference; lastKnownFileType = image.gif; path = drizzleNight.gif; sourceTree = "<group>"; };
		59CB5EFD280F830300470E7C /* hurricane.gif */ = {isa = PBXFileReference; lastKnownFileType = image.gif; path = hurricane.gif; sourceTree = "<group>"; };
		59CB5EFE280F830300470E7C /* snowy.gif */ = {isa = PBXFileReference; lastKnownFileType = image.gif; path = snowy.gif; sourceTree = "<group>"; };
		59CB5EFF280F830400470E7C /* partlySunny.gif */ = {isa = PBXFileReference; lastKnownFileType = image.gif; path = partlySunny.gif; sourceTree = "<group>"; };
		59CB5F00280F830400470E7C /* rainNight.gif */ = {isa = PBXFileReference; lastKnownFileType = image.gif; path = rainNight.gif; sourceTree = "<group>"; };
		59CB5F01280F830400470E7C /* snowySunny.gif */ = {isa = PBXFileReference; lastKnownFileType = image.gif; path = snowySunny.gif; sourceTree = "<group>"; };
		59CB5F02280F830400470E7C /* tornado.gif */ = {isa = PBXFileReference; lastKnownFileType = image.gif; path = tornado.gif; sourceTree = "<group>"; };
		59CB5F03280F830400470E7C /* drizzleSunny.gif */ = {isa = PBXFileReference; lastKnownFileType = image.gif; path = drizzleSunny.gif; sourceTree = "<group>"; };
		59CB5F04280F830400470E7C /* cloudy.gif */ = {isa = PBXFileReference; lastKnownFileType = image.gif; path = cloudy.gif; sourceTree = "<group>"; };
		59CB5F05280F830400470E7C /* clearNight.gif */ = {isa = PBXFileReference; lastKnownFileType = image.gif; path = clearNight.gif; sourceTree = "<group>"; };
		59CB5F06280F830500470E7C /* rain.gif */ = {isa = PBXFileReference; lastKnownFileType = image.gif; path = rain.gif; sourceTree = "<group>"; };
		59CB5F1C280F934400470E7C /* UIImage+Gif.swift */ = {isa = PBXFileReference; lastKnownFileType = sourcecode.swift; path = "UIImage+Gif.swift"; sourceTree = "<group>"; };
		59CB5F1E280F967B00470E7C /* CitySelectionCoordinator.swift */ = {isa = PBXFileReference; lastKnownFileType = sourcecode.swift; path = CitySelectionCoordinator.swift; sourceTree = "<group>"; };
		59CB5F20280F96C000470E7C /* CitySelectionViewController.swift */ = {isa = PBXFileReference; lastKnownFileType = sourcecode.swift; path = CitySelectionViewController.swift; sourceTree = "<group>"; };
		59CB5F23280FB65B00470E7C /* WeatherNetwork.swift */ = {isa = PBXFileReference; lastKnownFileType = sourcecode.swift; path = WeatherNetwork.swift; sourceTree = "<group>"; };
		59CB5F25280FB82700470E7C /* WeatherResponse.swift */ = {isa = PBXFileReference; lastKnownFileType = sourcecode.swift; path = WeatherResponse.swift; sourceTree = "<group>"; };
/* End PBXFileReference section */

/* Begin PBXFrameworksBuildPhase section */
		597E42D1280039CF00FFA50D /* Frameworks */ = {
			isa = PBXFrameworksBuildPhase;
			buildActionMask = 2147483647;
			files = (
			);
			runOnlyForDeploymentPostprocessing = 0;
		};
		59CB5EE1280F26FA00470E7C /* Frameworks */ = {
			isa = PBXFrameworksBuildPhase;
			buildActionMask = 2147483647;
			files = (
			);
			runOnlyForDeploymentPostprocessing = 0;
		};
/* End PBXFrameworksBuildPhase section */

/* Begin PBXGroup section */
		593A5A3928196205000220D4 /* View Models */ = {
			isa = PBXGroup;
			children = (
				593A5A3A2819622E000220D4 /* TranslatorViewModel.swift */,
			);
			path = "View Models";
			sourceTree = "<group>";
		};
		593A5A3E28197D5B000220D4 /* Network */ = {
			isa = PBXGroup;
			children = (
				593A5A3C28196ABF000220D4 /* TranslationNetwork.swift */,
				59AC0C272820E6A60055BBDE /* TranslateResponse.swift */,
			);
			path = Network;
			sourceTree = "<group>";
		};
		597E42CB280039CF00FFA50D = {
			isa = PBXGroup;
			children = (
				597E42D6280039CF00FFA50D /* OC-P9-LeBaluchon */,
				59CB5EE5280F26FA00470E7C /* OC-P9-LeBaluchonTests */,
				597E42D5280039CF00FFA50D /* Products */,
			);
			sourceTree = "<group>";
		};
		597E42D5280039CF00FFA50D /* Products */ = {
			isa = PBXGroup;
			children = (
				597E42D4280039CF00FFA50D /* OC-P9-LeBaluchon.app */,
				59CB5EE4280F26FA00470E7C /* OC-P9-LeBaluchonTests.xctest */,
			);
			name = Products;
			sourceTree = "<group>";
		};
		597E42D6280039CF00FFA50D /* OC-P9-LeBaluchon */ = {
			isa = PBXGroup;
			children = (
				597E430228003C6F00FFA50D /* AppCoordinator.swift */,
				597E42ED28003AF600FFA50D /* MainTabBarController.swift */,
				597E42EF28003AFF00FFA50D /* Converter Flow */,
				597E42F428003BC100FFA50D /* Weather Flow */,
				597E42FB28003C1D00FFA50D /* Translator Flow */,
				59CB5F1B280F932B00470E7C /* Extensions */,
				59CB5EEE280F6B7500470E7C /* Resources */,
				597E42EB28003A4F00FFA50D /* App Delegates */,
				597E42EC28003A5800FFA50D /* Supporting Files */,
			);
			path = "OC-P9-LeBaluchon";
			sourceTree = "<group>";
		};
		597E42EB28003A4F00FFA50D /* App Delegates */ = {
			isa = PBXGroup;
			children = (
				597E42D7280039CF00FFA50D /* AppDelegate.swift */,
				597E42D9280039CF00FFA50D /* SceneDelegate.swift */,
			);
			path = "App Delegates";
			sourceTree = "<group>";
		};
		597E42EC28003A5800FFA50D /* Supporting Files */ = {
			isa = PBXGroup;
			children = (
				597E42E0280039D100FFA50D /* Assets.xcassets */,
				597E42E2280039D100FFA50D /* LaunchScreen.storyboard */,
				597E42E5280039D100FFA50D /* Info.plist */,
			);
			path = "Supporting Files";
			sourceTree = "<group>";
		};
		597E42EF28003AFF00FFA50D /* Converter Flow */ = {
			isa = PBXGroup;
			children = (
				597E42F228003BA900FFA50D /* Coordinators */,
				597E431C28006E9C00FFA50D /* Models */,
				597E42F328003BAF00FFA50D /* View Controllers */,
				597E43042800432100FFA50D /* View Models */,
				597E431B28006DF500FFA50D /* Network */,
				597E431328004CEA00FFA50D /* CurrencyData.json */,
			);
			path = "Converter Flow";
			sourceTree = "<group>";
		};
		597E42F228003BA900FFA50D /* Coordinators */ = {
			isa = PBXGroup;
			children = (
				597E42F028003BA300FFA50D /* ConverterCoordinator.swift */,
				597E43212800719D00FFA50D /* CurrencySelectionCoordinator.swift */,
			);
			path = Coordinators;
			sourceTree = "<group>";
		};
		597E42F328003BAF00FFA50D /* View Controllers */ = {
			isa = PBXGroup;
			children = (
				597E42DB280039CF00FFA50D /* ConverterViewController.swift */,
				597E4323280071EA00FFA50D /* CurrencySelectionViewController.swift */,
			);
			path = "View Controllers";
			sourceTree = "<group>";
		};
		597E42F428003BC100FFA50D /* Weather Flow */ = {
			isa = PBXGroup;
			children = (
				597E42F528003BCF00FFA50D /* Coordinators */,
				597E42F628003BD600FFA50D /* View Controllers */,
				59CB5EED280F695700470E7C /* View Models */,
				59CB5F22280FB60400470E7C /* Network */,
			);
			path = "Weather Flow";
			sourceTree = "<group>";
		};
		597E42F528003BCF00FFA50D /* Coordinators */ = {
			isa = PBXGroup;
			children = (
				597E42F728003BFE00FFA50D /* WeatherCoordinator.swift */,
				59CB5F1E280F967B00470E7C /* CitySelectionCoordinator.swift */,
			);
			path = Coordinators;
			sourceTree = "<group>";
		};
		597E42F628003BD600FFA50D /* View Controllers */ = {
			isa = PBXGroup;
			children = (
				597E42F928003C1000FFA50D /* WeatherViewController.swift */,
				59CB5F20280F96C000470E7C /* CitySelectionViewController.swift */,
			);
			path = "View Controllers";
			sourceTree = "<group>";
		};
		597E42FB28003C1D00FFA50D /* Translator Flow */ = {
			isa = PBXGroup;
			children = (
				597E42FC28003C2700FFA50D /* Coordinators */,
				597E42FD28003C2D00FFA50D /* View Controllers */,
				593A5A3928196205000220D4 /* View Models */,
				593A5A3E28197D5B000220D4 /* Network */,
			);
			path = "Translator Flow";
			sourceTree = "<group>";
		};
		597E42FC28003C2700FFA50D /* Coordinators */ = {
			isa = PBXGroup;
			children = (
				597E42FE28003C3E00FFA50D /* TranslatorCoordinator.swift */,
				590E9EE12818F1B7005F3956 /* TranslatorFieldCoordinator.swift */,
			);
			path = Coordinators;
			sourceTree = "<group>";
		};
		597E42FD28003C2D00FFA50D /* View Controllers */ = {
			isa = PBXGroup;
			children = (
				597E430028003C4B00FFA50D /* TranslatorViewController.swift */,
				590E9EE32818F4F1005F3956 /* TranslatorFieldViewController.swift */,
			);
			path = "View Controllers";
			sourceTree = "<group>";
		};
		597E43042800432100FFA50D /* View Models */ = {
			isa = PBXGroup;
			children = (
				597E431528004DC300FFA50D /* ConverterViewModel.swift */,
			);
			path = "View Models";
			sourceTree = "<group>";
		};
		597E431B28006DF500FFA50D /* Network */ = {
			isa = PBXGroup;
			children = (
				597E431F28006F1500FFA50D /* ConversionNetwork.swift */,
				59AF4F162808635B00EC8DCD /* CurrencyResponse.swift */,
				59C00B4C2823BCB000CC6C42 /* ConversionNetworkType.swift */,
			);
			path = Network;
			sourceTree = "<group>";
		};
		597E431C28006E9C00FFA50D /* Models */ = {
			isa = PBXGroup;
			children = (
				597E431D28006EB400FFA50D /* Currency.swift */,
			);
			path = Models;
			sourceTree = "<group>";
		};
		59C00B442823971C00CC6C42 /* Data */ = {
			isa = PBXGroup;
			children = (
				59888039282298A300F6C55A /* FakeCurrencyData.json */,
				5988803C2822A5F400F6C55A /* NewYorkWeatherData.json */,
				598880422822D6DA00F6C55A /* ParisWeatherData.json */,
				59C00B5E2824182400CC6C42 /* FakeTranslateData.json */,
				59C00B682824D8F200CC6C42 /* cities.json */,
			);
			path = Data;
			sourceTree = "<group>";
		};
		59C00B452823ACD900CC6C42 /* Helpers */ = {
			isa = PBXGroup;
			children = (
				59C00B462823ACF700CC6C42 /* Data+Extensions.swift */,
				59C00B482823AD8600CC6C42 /* DecodableTestCase.swift */,
				59C00B542823E2EF00CC6C42 /* ServiceError.swift */,
			);
			path = Helpers;
			sourceTree = "<group>";
		};
		59C00B522823C90A00CC6C42 /* VM Tests */ = {
			isa = PBXGroup;
			children = (
				59CB5EE6280F26FA00470E7C /* ConverterViewModelTests.swift */,
				593A5A41281A0197000220D4 /* WeatherViewModelTests.swift */,
				5988803E2822A9FD00F6C55A /* TranslatorViewModelTests.swift */,
			);
			path = "VM Tests";
			sourceTree = "<group>";
		};
		59C00B532823E2C000CC6C42 /* Conversion Tests Group */ = {
			isa = PBXGroup;
			children = (
				59C00B4E2823BD5A00CC6C42 /* MockConversionNetwork.swift */,
				59C00B4A2823B21000CC6C42 /* CurrencyResponseTests.swift */,
				59C00B502823C83D00CC6C42 /* ConversionAPINetworkTests.swift */,
			);
			path = "Conversion Tests Group";
			sourceTree = "<group>";
		};
		59C00B562823E81100CC6C42 /* Weather Tests Group */ = {
			isa = PBXGroup;
			children = (
				59C00B572823E83800CC6C42 /* MockWeatherNetwork.swift */,
				59C00B592823E92A00CC6C42 /* WeatherResponseTests.swift */,
				59C00B5B2823EAAF00CC6C42 /* WeatherAPINetworkTests.swift */,
			);
			path = "Weather Tests Group";
			sourceTree = "<group>";
		};
		59C00B602824185400CC6C42 /* Translation Tests Group */ = {
			isa = PBXGroup;
			children = (
				59C00B61282418D200CC6C42 /* MockTranslationNetwork.swift */,
				59C00B63282420F400CC6C42 /* TranslateResponseTests.swift */,
			);
			path = "Translation Tests Group";
			sourceTree = "<group>";
		};
		59CB5EE5280F26FA00470E7C /* OC-P9-LeBaluchonTests */ = {
			isa = PBXGroup;
			children = (
				59C00B442823971C00CC6C42 /* Data */,
				59C00B452823ACD900CC6C42 /* Helpers */,
				59C00B532823E2C000CC6C42 /* Conversion Tests Group */,
				59C00B562823E81100CC6C42 /* Weather Tests Group */,
				59C00B602824185400CC6C42 /* Translation Tests Group */,
				59C00B522823C90A00CC6C42 /* VM Tests */,
			);
			path = "OC-P9-LeBaluchonTests";
			sourceTree = "<group>";
		};
		59CB5EED280F695700470E7C /* View Models */ = {
			isa = PBXGroup;
			children = (
				593A5A3F2819C884000220D4 /* WeatherViewModel.swift */,
			);
			path = "View Models";
			sourceTree = "<group>";
		};
		59CB5EEE280F6B7500470E7C /* Resources */ = {
			isa = PBXGroup;
			children = (
				59CB5EF1280F6D5D00470E7C /* sunny.gif */,
				59CB5EF9280F830300470E7C /* partlyCloudy.gif */,
				59CB5EFF280F830400470E7C /* partlySunny.gif */,
				59CB5F04280F830400470E7C /* cloudy.gif */,
				59CB5EF8280F830300470E7C /* drizzle.gif */,
				59CB5F06280F830500470E7C /* rain.gif */,
				59CB5EFE280F830300470E7C /* snowy.gif */,
				59CB5F03280F830400470E7C /* drizzleSunny.gif */,
				59CB5EF5280F830200470E7C /* rainSunny.gif */,
				59CB5F01280F830400470E7C /* snowySunny.gif */,
				59CB5F05280F830400470E7C /* clearNight.gif */,
				59CB5EF3280F830200470E7C /* partlyCloudyNight.gif */,
				59CB5EF4280F830200470E7C /* mostlyCloudyNight.gif */,
				59CB5EFC280F830300470E7C /* drizzleNight.gif */,
				59CB5F00280F830400470E7C /* rainNight.gif */,
				59CB5EF6280F830300470E7C /* snowyNight.gif */,
				59CB5EFB280F830300470E7C /* storm.gif */,
				59CB5EF7280F830300470E7C /* windy.gif */,
				59CB5EFD280F830300470E7C /* hurricane.gif */,
				59CB5F02280F830400470E7C /* tornado.gif */,
				59CB5EFA280F830300470E7C /* mist.gif */,
			);
			path = Resources;
			sourceTree = "<group>";
		};
		59CB5F1B280F932B00470E7C /* Extensions */ = {
			isa = PBXGroup;
			children = (
				590E9EDD28184193005F3956 /* String+Capitalization.swift */,
				59CB5F1C280F934400470E7C /* UIImage+Gif.swift */,
				590E9EDF28184203005F3956 /* UIImageView+Gif.swift */,
				59AC0C25281FBF300055BBDE /* UIView+Colors.swift */,
			);
			path = Extensions;
			sourceTree = "<group>";
		};
		59CB5F22280FB60400470E7C /* Network */ = {
			isa = PBXGroup;
			children = (
				59CB5F23280FB65B00470E7C /* WeatherNetwork.swift */,
				59CB5F25280FB82700470E7C /* WeatherResponse.swift */,
			);
			path = Network;
			sourceTree = "<group>";
		};
/* End PBXGroup section */

/* Begin PBXNativeTarget section */
		597E42D3280039CF00FFA50D /* OC-P9-LeBaluchon */ = {
			isa = PBXNativeTarget;
			buildConfigurationList = 597E42E8280039D100FFA50D /* Build configuration list for PBXNativeTarget "OC-P9-LeBaluchon" */;
			buildPhases = (
				597E42D0280039CF00FFA50D /* Sources */,
				597E42D1280039CF00FFA50D /* Frameworks */,
				597E42D2280039CF00FFA50D /* Resources */,
			);
			buildRules = (
			);
			dependencies = (
			);
			name = "OC-P9-LeBaluchon";
			productName = "OC-P9-LeBaluchon";
			productReference = 597E42D4280039CF00FFA50D /* OC-P9-LeBaluchon.app */;
			productType = "com.apple.product-type.application";
		};
		59CB5EE3280F26FA00470E7C /* OC-P9-LeBaluchonTests */ = {
			isa = PBXNativeTarget;
			buildConfigurationList = 59CB5EEA280F26FA00470E7C /* Build configuration list for PBXNativeTarget "OC-P9-LeBaluchonTests" */;
			buildPhases = (
				59CB5EE0280F26FA00470E7C /* Sources */,
				59CB5EE1280F26FA00470E7C /* Frameworks */,
				59CB5EE2280F26FA00470E7C /* Resources */,
			);
			buildRules = (
			);
			dependencies = (
				59CB5EE9280F26FA00470E7C /* PBXTargetDependency */,
			);
			name = "OC-P9-LeBaluchonTests";
			productName = "OC-P9-LeBaluchonTests";
			productReference = 59CB5EE4280F26FA00470E7C /* OC-P9-LeBaluchonTests.xctest */;
			productType = "com.apple.product-type.bundle.unit-test";
		};
/* End PBXNativeTarget section */

/* Begin PBXProject section */
		597E42CC280039CF00FFA50D /* Project object */ = {
			isa = PBXProject;
			attributes = {
				BuildIndependentTargetsInParallel = 1;
				LastSwiftUpdateCheck = 1330;
				LastUpgradeCheck = 1330;
				TargetAttributes = {
					597E42D3280039CF00FFA50D = {
						CreatedOnToolsVersion = 13.3;
					};
					59CB5EE3280F26FA00470E7C = {
						CreatedOnToolsVersion = 13.3;
						TestTargetID = 597E42D3280039CF00FFA50D;
					};
				};
			};
			buildConfigurationList = 597E42CF280039CF00FFA50D /* Build configuration list for PBXProject "OC-P9-LeBaluchon" */;
			compatibilityVersion = "Xcode 13.0";
			developmentRegion = en;
			hasScannedForEncodings = 0;
			knownRegions = (
				en,
				Base,
			);
			mainGroup = 597E42CB280039CF00FFA50D;
			productRefGroup = 597E42D5280039CF00FFA50D /* Products */;
			projectDirPath = "";
			projectRoot = "";
			targets = (
				597E42D3280039CF00FFA50D /* OC-P9-LeBaluchon */,
				59CB5EE3280F26FA00470E7C /* OC-P9-LeBaluchonTests */,
			);
		};
/* End PBXProject section */

/* Begin PBXResourcesBuildPhase section */
		597E42D2280039CF00FFA50D /* Resources */ = {
			isa = PBXResourcesBuildPhase;
			buildActionMask = 2147483647;
			files = (
				59C00B672824D28100CC6C42 /* FakeTranslateData.json in Resources */,
				59C00B652824216000CC6C42 /* FakeCurrencyData.json in Resources */,
				59C00B5D282405EC00CC6C42 /* NewYorkWeatherData.json in Resources */,
				597E431428004CEA00FFA50D /* CurrencyData.json in Resources */,
				59CB5F14280F830500470E7C /* rainNight.gif in Resources */,
				597E42E4280039D100FFA50D /* LaunchScreen.storyboard in Resources */,
				59CB5F09280F830500470E7C /* rainSunny.gif in Resources */,
				59C00B692824D8F200CC6C42 /* cities.json in Resources */,
				59CB5F07280F830500470E7C /* partlyCloudyNight.gif in Resources */,
				59CB5F15280F830500470E7C /* snowySunny.gif in Resources */,
				59CB5F19280F830500470E7C /* clearNight.gif in Resources */,
				59CB5F1A280F830500470E7C /* rain.gif in Resources */,
				59CB5F13280F830500470E7C /* partlySunny.gif in Resources */,
				59CB5F11280F830500470E7C /* hurricane.gif in Resources */,
				59CB5F16280F830500470E7C /* tornado.gif in Resources */,
				59CB5F0A280F830500470E7C /* snowyNight.gif in Resources */,
				597E42E1280039D100FFA50D /* Assets.xcassets in Resources */,
				59CB5EF2280F6D5D00470E7C /* sunny.gif in Resources */,
				59CB5F0D280F830500470E7C /* partlyCloudy.gif in Resources */,
				59CB5F0B280F830500470E7C /* windy.gif in Resources */,
				59CB5F17280F830500470E7C /* drizzleSunny.gif in Resources */,
				59C00B662824D27E00CC6C42 /* ParisWeatherData.json in Resources */,
				59CB5F18280F830500470E7C /* cloudy.gif in Resources */,
				59CB5F08280F830500470E7C /* mostlyCloudyNight.gif in Resources */,
				59CB5F0F280F830500470E7C /* storm.gif in Resources */,
				59CB5F12280F830500470E7C /* snowy.gif in Resources */,
				59CB5F0C280F830500470E7C /* drizzle.gif in Resources */,
				59CB5F10280F830500470E7C /* drizzleNight.gif in Resources */,
				59CB5F0E280F830500470E7C /* mist.gif in Resources */,
			);
			runOnlyForDeploymentPostprocessing = 0;
		};
		59CB5EE2280F26FA00470E7C /* Resources */ = {
			isa = PBXResourcesBuildPhase;
			buildActionMask = 2147483647;
			files = (
				59C00B6B2825383A00CC6C42 /* FakeTranslateData.json in Resources */,
				59C00B6A2824D8F200CC6C42 /* cities.json in Resources */,
				598880432822D6DA00F6C55A /* ParisWeatherData.json in Resources */,
				5988803D2822A5F400F6C55A /* NewYorkWeatherData.json in Resources */,
				5988803A282298A300F6C55A /* FakeCurrencyData.json in Resources */,
			);
			runOnlyForDeploymentPostprocessing = 0;
		};
/* End PBXResourcesBuildPhase section */

/* Begin PBXSourcesBuildPhase section */
		597E42D0280039CF00FFA50D /* Sources */ = {
			isa = PBXSourcesBuildPhase;
			buildActionMask = 2147483647;
			files = (
				59CB5F1D280F934400470E7C /* UIImage+Gif.swift in Sources */,
				597E431E28006EB400FFA50D /* Currency.swift in Sources */,
				597E42F128003BA300FFA50D /* ConverterCoordinator.swift in Sources */,
				590E9EE028184203005F3956 /* UIImageView+Gif.swift in Sources */,
				597E42DC280039CF00FFA50D /* ConverterViewController.swift in Sources */,
				597E430328003C6F00FFA50D /* AppCoordinator.swift in Sources */,
				590E9EE42818F4F1005F3956 /* TranslatorFieldViewController.swift in Sources */,
				597E42D8280039CF00FFA50D /* AppDelegate.swift in Sources */,
				59CB5F1F280F967B00470E7C /* CitySelectionCoordinator.swift in Sources */,
				597E42EE28003AF600FFA50D /* MainTabBarController.swift in Sources */,
				59CB5F21280F96C000470E7C /* CitySelectionViewController.swift in Sources */,
				597E42FF28003C3E00FFA50D /* TranslatorCoordinator.swift in Sources */,
				593A5A3B2819622E000220D4 /* TranslatorViewModel.swift in Sources */,
				59CB5F26280FB82700470E7C /* WeatherResponse.swift in Sources */,
				597E430128003C4B00FFA50D /* TranslatorViewController.swift in Sources */,
				590E9EDE28184193005F3956 /* String+Capitalization.swift in Sources */,
				59AC0C282820E6A60055BBDE /* TranslateResponse.swift in Sources */,
				59AF4F172808635B00EC8DCD /* CurrencyResponse.swift in Sources */,
				593A5A402819C884000220D4 /* WeatherViewModel.swift in Sources */,
				597E432028006F1500FFA50D /* ConversionNetwork.swift in Sources */,
				59CB5F24280FB65B00470E7C /* WeatherNetwork.swift in Sources */,
				597E42FA28003C1000FFA50D /* WeatherViewController.swift in Sources */,
				590E9EE22818F1B7005F3956 /* TranslatorFieldCoordinator.swift in Sources */,
				597E42DA280039CF00FFA50D /* SceneDelegate.swift in Sources */,
				597E4324280071EA00FFA50D /* CurrencySelectionViewController.swift in Sources */,
				597E42F828003BFE00FFA50D /* WeatherCoordinator.swift in Sources */,
				593A5A3D28196ABF000220D4 /* TranslationNetwork.swift in Sources */,
				59C00B4D2823BCB000CC6C42 /* ConversionNetworkType.swift in Sources */,
				597E43222800719D00FFA50D /* CurrencySelectionCoordinator.swift in Sources */,
				59AC0C26281FBF300055BBDE /* UIView+Colors.swift in Sources */,
				597E431628004DC300FFA50D /* ConverterViewModel.swift in Sources */,
			);
			runOnlyForDeploymentPostprocessing = 0;
		};
		59CB5EE0280F26FA00470E7C /* Sources */ = {
			isa = PBXSourcesBuildPhase;
			buildActionMask = 2147483647;
			files = (
				59C00B62282418D200CC6C42 /* MockTranslationNetwork.swift in Sources */,
				59C00B64282420F400CC6C42 /* TranslateResponseTests.swift in Sources */,
				598880412822AA1200F6C55A /* TranslatorViewModelTests.swift in Sources */,
				59C00B5C2823EAAF00CC6C42 /* WeatherAPINetworkTests.swift in Sources */,
				59C00B4B2823B21000CC6C42 /* CurrencyResponseTests.swift in Sources */,
				59C00B5F2824182400CC6C42 /* FakeTranslateData.json in Sources */,
				59C00B4F2823BD5A00CC6C42 /* MockConversionNetwork.swift in Sources */,
				59C00B492823AD8600CC6C42 /* DecodableTestCase.swift in Sources */,
				59CB5EE7280F26FA00470E7C /* ConverterViewModelTests.swift in Sources */,
				59C00B472823ACF700CC6C42 /* Data+Extensions.swift in Sources */,
				59C00B552823E2EF00CC6C42 /* ServiceError.swift in Sources */,
				59C00B5A2823E92A00CC6C42 /* WeatherResponseTests.swift in Sources */,
				59C00B512823C83D00CC6C42 /* ConversionAPINetworkTests.swift in Sources */,
				593A5A42281A0197000220D4 /* WeatherViewModelTests.swift in Sources */,
				59C00B582823E83800CC6C42 /* MockWeatherNetwork.swift in Sources */,
			);
			runOnlyForDeploymentPostprocessing = 0;
		};
/* End PBXSourcesBuildPhase section */

/* Begin PBXTargetDependency section */
		59CB5EE9280F26FA00470E7C /* PBXTargetDependency */ = {
			isa = PBXTargetDependency;
			target = 597E42D3280039CF00FFA50D /* OC-P9-LeBaluchon */;
			targetProxy = 59CB5EE8280F26FA00470E7C /* PBXContainerItemProxy */;
		};
/* End PBXTargetDependency section */

/* Begin PBXVariantGroup section */
		597E42E2280039D100FFA50D /* LaunchScreen.storyboard */ = {
			isa = PBXVariantGroup;
			children = (
				597E42E3280039D100FFA50D /* Base */,
			);
			name = LaunchScreen.storyboard;
			sourceTree = "<group>";
		};
/* End PBXVariantGroup section */

/* Begin XCBuildConfiguration section */
		597E42E6280039D100FFA50D /* Debug */ = {
			isa = XCBuildConfiguration;
			buildSettings = {
				ALWAYS_SEARCH_USER_PATHS = NO;
				CLANG_ANALYZER_NONNULL = YES;
				CLANG_ANALYZER_NUMBER_OBJECT_CONVERSION = YES_AGGRESSIVE;
				CLANG_CXX_LANGUAGE_STANDARD = "gnu++17";
				CLANG_ENABLE_MODULES = YES;
				CLANG_ENABLE_OBJC_ARC = YES;
				CLANG_ENABLE_OBJC_WEAK = YES;
				CLANG_WARN_BLOCK_CAPTURE_AUTORELEASING = YES;
				CLANG_WARN_BOOL_CONVERSION = YES;
				CLANG_WARN_COMMA = YES;
				CLANG_WARN_CONSTANT_CONVERSION = YES;
				CLANG_WARN_DEPRECATED_OBJC_IMPLEMENTATIONS = YES;
				CLANG_WARN_DIRECT_OBJC_ISA_USAGE = YES_ERROR;
				CLANG_WARN_DOCUMENTATION_COMMENTS = YES;
				CLANG_WARN_EMPTY_BODY = YES;
				CLANG_WARN_ENUM_CONVERSION = YES;
				CLANG_WARN_INFINITE_RECURSION = YES;
				CLANG_WARN_INT_CONVERSION = YES;
				CLANG_WARN_NON_LITERAL_NULL_CONVERSION = YES;
				CLANG_WARN_OBJC_IMPLICIT_RETAIN_SELF = YES;
				CLANG_WARN_OBJC_LITERAL_CONVERSION = YES;
				CLANG_WARN_OBJC_ROOT_CLASS = YES_ERROR;
				CLANG_WARN_QUOTED_INCLUDE_IN_FRAMEWORK_HEADER = YES;
				CLANG_WARN_RANGE_LOOP_ANALYSIS = YES;
				CLANG_WARN_STRICT_PROTOTYPES = YES;
				CLANG_WARN_SUSPICIOUS_MOVE = YES;
				CLANG_WARN_UNGUARDED_AVAILABILITY = YES_AGGRESSIVE;
				CLANG_WARN_UNREACHABLE_CODE = YES;
				CLANG_WARN__DUPLICATE_METHOD_MATCH = YES;
				COPY_PHASE_STRIP = NO;
				DEBUG_INFORMATION_FORMAT = dwarf;
				ENABLE_STRICT_OBJC_MSGSEND = YES;
				ENABLE_TESTABILITY = YES;
				GCC_C_LANGUAGE_STANDARD = gnu11;
				GCC_DYNAMIC_NO_PIC = NO;
				GCC_NO_COMMON_BLOCKS = YES;
				GCC_OPTIMIZATION_LEVEL = 0;
				GCC_PREPROCESSOR_DEFINITIONS = (
					"DEBUG=1",
					"$(inherited)",
				);
				GCC_WARN_64_TO_32_BIT_CONVERSION = YES;
				GCC_WARN_ABOUT_RETURN_TYPE = YES_ERROR;
				GCC_WARN_UNDECLARED_SELECTOR = YES;
				GCC_WARN_UNINITIALIZED_AUTOS = YES_AGGRESSIVE;
				GCC_WARN_UNUSED_FUNCTION = YES;
				GCC_WARN_UNUSED_VARIABLE = YES;
				IPHONEOS_DEPLOYMENT_TARGET = 15.4;
				MTL_ENABLE_DEBUG_INFO = INCLUDE_SOURCE;
				MTL_FAST_MATH = YES;
				ONLY_ACTIVE_ARCH = YES;
				SDKROOT = iphoneos;
				SWIFT_ACTIVE_COMPILATION_CONDITIONS = DEBUG;
				SWIFT_OPTIMIZATION_LEVEL = "-Onone";
			};
			name = Debug;
		};
		597E42E7280039D100FFA50D /* Release */ = {
			isa = XCBuildConfiguration;
			buildSettings = {
				ALWAYS_SEARCH_USER_PATHS = NO;
				CLANG_ANALYZER_NONNULL = YES;
				CLANG_ANALYZER_NUMBER_OBJECT_CONVERSION = YES_AGGRESSIVE;
				CLANG_CXX_LANGUAGE_STANDARD = "gnu++17";
				CLANG_ENABLE_MODULES = YES;
				CLANG_ENABLE_OBJC_ARC = YES;
				CLANG_ENABLE_OBJC_WEAK = YES;
				CLANG_WARN_BLOCK_CAPTURE_AUTORELEASING = YES;
				CLANG_WARN_BOOL_CONVERSION = YES;
				CLANG_WARN_COMMA = YES;
				CLANG_WARN_CONSTANT_CONVERSION = YES;
				CLANG_WARN_DEPRECATED_OBJC_IMPLEMENTATIONS = YES;
				CLANG_WARN_DIRECT_OBJC_ISA_USAGE = YES_ERROR;
				CLANG_WARN_DOCUMENTATION_COMMENTS = YES;
				CLANG_WARN_EMPTY_BODY = YES;
				CLANG_WARN_ENUM_CONVERSION = YES;
				CLANG_WARN_INFINITE_RECURSION = YES;
				CLANG_WARN_INT_CONVERSION = YES;
				CLANG_WARN_NON_LITERAL_NULL_CONVERSION = YES;
				CLANG_WARN_OBJC_IMPLICIT_RETAIN_SELF = YES;
				CLANG_WARN_OBJC_LITERAL_CONVERSION = YES;
				CLANG_WARN_OBJC_ROOT_CLASS = YES_ERROR;
				CLANG_WARN_QUOTED_INCLUDE_IN_FRAMEWORK_HEADER = YES;
				CLANG_WARN_RANGE_LOOP_ANALYSIS = YES;
				CLANG_WARN_STRICT_PROTOTYPES = YES;
				CLANG_WARN_SUSPICIOUS_MOVE = YES;
				CLANG_WARN_UNGUARDED_AVAILABILITY = YES_AGGRESSIVE;
				CLANG_WARN_UNREACHABLE_CODE = YES;
				CLANG_WARN__DUPLICATE_METHOD_MATCH = YES;
				COPY_PHASE_STRIP = NO;
				DEBUG_INFORMATION_FORMAT = "dwarf-with-dsym";
				ENABLE_NS_ASSERTIONS = NO;
				ENABLE_STRICT_OBJC_MSGSEND = YES;
				GCC_C_LANGUAGE_STANDARD = gnu11;
				GCC_NO_COMMON_BLOCKS = YES;
				GCC_WARN_64_TO_32_BIT_CONVERSION = YES;
				GCC_WARN_ABOUT_RETURN_TYPE = YES_ERROR;
				GCC_WARN_UNDECLARED_SELECTOR = YES;
				GCC_WARN_UNINITIALIZED_AUTOS = YES_AGGRESSIVE;
				GCC_WARN_UNUSED_FUNCTION = YES;
				GCC_WARN_UNUSED_VARIABLE = YES;
				IPHONEOS_DEPLOYMENT_TARGET = 15.4;
				MTL_ENABLE_DEBUG_INFO = NO;
				MTL_FAST_MATH = YES;
				SDKROOT = iphoneos;
				SWIFT_COMPILATION_MODE = wholemodule;
				SWIFT_OPTIMIZATION_LEVEL = "-O";
				VALIDATE_PRODUCT = YES;
			};
			name = Release;
		};
		597E42E9280039D100FFA50D /* Debug */ = {
			isa = XCBuildConfiguration;
			buildSettings = {
				ASSETCATALOG_COMPILER_APPICON_NAME = AppIcon;
				ASSETCATALOG_COMPILER_GLOBAL_ACCENT_COLOR_NAME = AccentColor;
				CODE_SIGN_STYLE = Automatic;
				CURRENT_PROJECT_VERSION = 1;
				DEVELOPMENT_TEAM = S25TANK5XP;
				GENERATE_INFOPLIST_FILE = YES;
				INFOPLIST_FILE = "OC-P9-LeBaluchon/Supporting Files/Info.plist";
				INFOPLIST_KEY_UIApplicationSupportsIndirectInputEvents = YES;
				INFOPLIST_KEY_UILaunchStoryboardName = LaunchScreen;
				INFOPLIST_KEY_UISupportedInterfaceOrientations_iPad = "UIInterfaceOrientationPortrait UIInterfaceOrientationPortraitUpsideDown UIInterfaceOrientationLandscapeLeft UIInterfaceOrientationLandscapeRight";
				INFOPLIST_KEY_UISupportedInterfaceOrientations_iPhone = "UIInterfaceOrientationPortrait UIInterfaceOrientationLandscapeLeft UIInterfaceOrientationLandscapeRight";
				LD_RUNPATH_SEARCH_PATHS = (
					"$(inherited)",
					"@executable_path/Frameworks",
				);
				MARKETING_VERSION = 1.0;
				PRODUCT_BUNDLE_IDENTIFIER = "adPiscinam.OC-P9-LeBaluchon";
				PRODUCT_NAME = "$(TARGET_NAME)";
				SWIFT_EMIT_LOC_STRINGS = YES;
				SWIFT_VERSION = 5.0;
				TARGETED_DEVICE_FAMILY = 1;
			};
			name = Debug;
		};
		597E42EA280039D100FFA50D /* Release */ = {
			isa = XCBuildConfiguration;
			buildSettings = {
				ASSETCATALOG_COMPILER_APPICON_NAME = AppIcon;
				ASSETCATALOG_COMPILER_GLOBAL_ACCENT_COLOR_NAME = AccentColor;
				CODE_SIGN_STYLE = Automatic;
				CURRENT_PROJECT_VERSION = 1;
				DEVELOPMENT_TEAM = S25TANK5XP;
				GENERATE_INFOPLIST_FILE = YES;
				INFOPLIST_FILE = "OC-P9-LeBaluchon/Supporting Files/Info.plist";
				INFOPLIST_KEY_UIApplicationSupportsIndirectInputEvents = YES;
				INFOPLIST_KEY_UILaunchStoryboardName = LaunchScreen;
				INFOPLIST_KEY_UISupportedInterfaceOrientations_iPad = "UIInterfaceOrientationPortrait UIInterfaceOrientationPortraitUpsideDown UIInterfaceOrientationLandscapeLeft UIInterfaceOrientationLandscapeRight";
				INFOPLIST_KEY_UISupportedInterfaceOrientations_iPhone = "UIInterfaceOrientationPortrait UIInterfaceOrientationLandscapeLeft UIInterfaceOrientationLandscapeRight";
				LD_RUNPATH_SEARCH_PATHS = (
					"$(inherited)",
					"@executable_path/Frameworks",
				);
				MARKETING_VERSION = 1.0;
				PRODUCT_BUNDLE_IDENTIFIER = "adPiscinam.OC-P9-LeBaluchon";
				PRODUCT_NAME = "$(TARGET_NAME)";
				SWIFT_EMIT_LOC_STRINGS = YES;
				SWIFT_VERSION = 5.0;
				TARGETED_DEVICE_FAMILY = 1;
			};
			name = Release;
		};
		59CB5EEB280F26FA00470E7C /* Debug */ = {
			isa = XCBuildConfiguration;
			buildSettings = {
				BUNDLE_LOADER = "$(TEST_HOST)";
				CODE_SIGN_STYLE = Automatic;
				CURRENT_PROJECT_VERSION = 1;
				DEVELOPMENT_TEAM = S25TANK5XP;
				GENERATE_INFOPLIST_FILE = YES;
				MARKETING_VERSION = 1.0;
				PRODUCT_BUNDLE_IDENTIFIER = "adPiscinam.OC-P9-LeBaluchonTests";
				PRODUCT_NAME = "$(TARGET_NAME)";
				SWIFT_EMIT_LOC_STRINGS = NO;
				SWIFT_VERSION = 5.0;
				TARGETED_DEVICE_FAMILY = "1,2";
				TEST_HOST = "$(BUILT_PRODUCTS_DIR)/OC-P9-LeBaluchon.app/OC-P9-LeBaluchon";
			};
			name = Debug;
		};
		59CB5EEC280F26FA00470E7C /* Release */ = {
			isa = XCBuildConfiguration;
			buildSettings = {
				BUNDLE_LOADER = "$(TEST_HOST)";
				CODE_SIGN_STYLE = Automatic;
				CURRENT_PROJECT_VERSION = 1;
				DEVELOPMENT_TEAM = S25TANK5XP;
				GENERATE_INFOPLIST_FILE = YES;
				MARKETING_VERSION = 1.0;
				PRODUCT_BUNDLE_IDENTIFIER = "adPiscinam.OC-P9-LeBaluchonTests";
				PRODUCT_NAME = "$(TARGET_NAME)";
				SWIFT_EMIT_LOC_STRINGS = NO;
				SWIFT_VERSION = 5.0;
				TARGETED_DEVICE_FAMILY = "1,2";
				TEST_HOST = "$(BUILT_PRODUCTS_DIR)/OC-P9-LeBaluchon.app/OC-P9-LeBaluchon";
			};
			name = Release;
		};
/* End XCBuildConfiguration section */

/* Begin XCConfigurationList section */
		597E42CF280039CF00FFA50D /* Build configuration list for PBXProject "OC-P9-LeBaluchon" */ = {
			isa = XCConfigurationList;
			buildConfigurations = (
				597E42E6280039D100FFA50D /* Debug */,
				597E42E7280039D100FFA50D /* Release */,
			);
			defaultConfigurationIsVisible = 0;
			defaultConfigurationName = Release;
		};
		597E42E8280039D100FFA50D /* Build configuration list for PBXNativeTarget "OC-P9-LeBaluchon" */ = {
			isa = XCConfigurationList;
			buildConfigurations = (
				597E42E9280039D100FFA50D /* Debug */,
				597E42EA280039D100FFA50D /* Release */,
			);
			defaultConfigurationIsVisible = 0;
			defaultConfigurationName = Release;
		};
		59CB5EEA280F26FA00470E7C /* Build configuration list for PBXNativeTarget "OC-P9-LeBaluchonTests" */ = {
			isa = XCConfigurationList;
			buildConfigurations = (
				59CB5EEB280F26FA00470E7C /* Debug */,
				59CB5EEC280F26FA00470E7C /* Release */,
			);
			defaultConfigurationIsVisible = 0;
			defaultConfigurationName = Release;
		};
/* End XCConfigurationList section */
	};
	rootObject = 597E42CC280039CF00FFA50D /* Project object */;
}
