// !$*UTF8*$!
{
	archiveVersion = 1;
	classes = {
	};
	objectVersion = 55;
	objects = {

/* Begin PBXBuildFile section */
		597E42D8280039CF00FFA50D /* AppDelegate.swift in Sources */ = {isa = PBXBuildFile; fileRef = 597E42D7280039CF00FFA50D /* AppDelegate.swift */; };
		597E42DA280039CF00FFA50D /* SceneDelegate.swift in Sources */ = {isa = PBXBuildFile; fileRef = 597E42D9280039CF00FFA50D /* SceneDelegate.swift */; };
		597E42DC280039CF00FFA50D /* ConverterViewController.swift in Sources */ = {isa = PBXBuildFile; fileRef = 597E42DB280039CF00FFA50D /* ConverterViewController.swift */; };
		597E42E1280039D100FFA50D /* Assets.xcassets in Resources */ = {isa = PBXBuildFile; fileRef = 597E42E0280039D100FFA50D /* Assets.xcassets */; };
		597E42E4280039D100FFA50D /* LaunchScreen.storyboard in Resources */ = {isa = PBXBuildFile; fileRef = 597E42E2280039D100FFA50D /* LaunchScreen.storyboard */; };
		597E42EE28003AF600FFA50D /* MainTabBarController.swift in Sources */ = {isa = PBXBuildFile; fileRef = 597E42ED28003AF600FFA50D /* MainTabBarController.swift */; };
		597E42F128003BA300FFA50D /* ConverterCoordinator.swift in Sources */ = {isa = PBXBuildFile; fileRef = 597E42F028003BA300FFA50D /* ConverterCoordinator.swift */; };
		597E42F828003BFE00FFA50D /* WeatherCoordinator.swift in Sources */ = {isa = PBXBuildFile; fileRef = 597E42F728003BFE00FFA50D /* WeatherCoordinator.swift */; };
		597E42FA28003C1000FFA50D /* WeatherViewController.swift in Sources */ = {isa = PBXBuildFile; fileRef = 597E42F928003C1000FFA50D /* WeatherViewController.swift */; };
		597E42FF28003C3E00FFA50D /* TranslatorCoordinator.swift in Sources */ = {isa = PBXBuildFile; fileRef = 597E42FE28003C3E00FFA50D /* TranslatorCoordinator.swift */; };
		597E430128003C4B00FFA50D /* TranslatorViewController.swift in Sources */ = {isa = PBXBuildFile; fileRef = 597E430028003C4B00FFA50D /* TranslatorViewController.swift */; };
		597E430328003C6F00FFA50D /* AppCoordinator.swift in Sources */ = {isa = PBXBuildFile; fileRef = 597E430228003C6F00FFA50D /* AppCoordinator.swift */; };
		597E430C28004AF600FFA50D /* OC_P9_LeBaluchonTests.swift in Sources */ = {isa = PBXBuildFile; fileRef = 597E430B28004AF600FFA50D /* OC_P9_LeBaluchonTests.swift */; };
		597E431428004CEA00FFA50D /* CurrencyData.json in Resources */ = {isa = PBXBuildFile; fileRef = 597E431328004CEA00FFA50D /* CurrencyData.json */; };
		597E431628004DC300FFA50D /* ConverterViewModel.swift in Sources */ = {isa = PBXBuildFile; fileRef = 597E431528004DC300FFA50D /* ConverterViewModel.swift */; };
		597E43182800620500FFA50D /* FakeCurrencyData.json in Resources */ = {isa = PBXBuildFile; fileRef = 597E43172800620500FFA50D /* FakeCurrencyData.json */; };
		597E431A28006C1E00FFA50D /* XCTestCase.swift in Sources */ = {isa = PBXBuildFile; fileRef = 597E431928006C1E00FFA50D /* XCTestCase.swift */; };
/* End PBXBuildFile section */

/* Begin PBXContainerItemProxy section */
		597E430D28004AF600FFA50D /* PBXContainerItemProxy */ = {
			isa = PBXContainerItemProxy;
			containerPortal = 597E42CC280039CF00FFA50D /* Project object */;
			proxyType = 1;
			remoteGlobalIDString = 597E42D3280039CF00FFA50D;
			remoteInfo = "OC-P9-LeBaluchon";
		};
/* End PBXContainerItemProxy section */

/* Begin PBXFileReference section */
		597E42D4280039CF00FFA50D /* OC-P9-LeBaluchon.app */ = {isa = PBXFileReference; explicitFileType = wrapper.application; includeInIndex = 0; path = "OC-P9-LeBaluchon.app"; sourceTree = BUILT_PRODUCTS_DIR; };
		597E42D7280039CF00FFA50D /* AppDelegate.swift */ = {isa = PBXFileReference; lastKnownFileType = sourcecode.swift; path = AppDelegate.swift; sourceTree = "<group>"; };
		597E42D9280039CF00FFA50D /* SceneDelegate.swift */ = {isa = PBXFileReference; lastKnownFileType = sourcecode.swift; path = SceneDelegate.swift; sourceTree = "<group>"; };
		597E42DB280039CF00FFA50D /* ConverterViewController.swift */ = {isa = PBXFileReference; lastKnownFileType = sourcecode.swift; path = ConverterViewController.swift; sourceTree = "<group>"; };
		597E42E0280039D100FFA50D /* Assets.xcassets */ = {isa = PBXFileReference; lastKnownFileType = folder.assetcatalog; path = Assets.xcassets; sourceTree = "<group>"; };
		597E42E3280039D100FFA50D /* Base */ = {isa = PBXFileReference; lastKnownFileType = file.storyboard; name = Base; path = Base.lproj/LaunchScreen.storyboard; sourceTree = "<group>"; };
		597E42E5280039D100FFA50D /* Info.plist */ = {isa = PBXFileReference; lastKnownFileType = text.plist.xml; path = Info.plist; sourceTree = "<group>"; };
		597E42ED28003AF600FFA50D /* MainTabBarController.swift */ = {isa = PBXFileReference; lastKnownFileType = sourcecode.swift; path = MainTabBarController.swift; sourceTree = "<group>"; };
		597E42F028003BA300FFA50D /* ConverterCoordinator.swift */ = {isa = PBXFileReference; lastKnownFileType = sourcecode.swift; path = ConverterCoordinator.swift; sourceTree = "<group>"; };
		597E42F728003BFE00FFA50D /* WeatherCoordinator.swift */ = {isa = PBXFileReference; lastKnownFileType = sourcecode.swift; path = WeatherCoordinator.swift; sourceTree = "<group>"; };
		597E42F928003C1000FFA50D /* WeatherViewController.swift */ = {isa = PBXFileReference; lastKnownFileType = sourcecode.swift; path = WeatherViewController.swift; sourceTree = "<group>"; };
		597E42FE28003C3E00FFA50D /* TranslatorCoordinator.swift */ = {isa = PBXFileReference; lastKnownFileType = sourcecode.swift; path = TranslatorCoordinator.swift; sourceTree = "<group>"; };
		597E430028003C4B00FFA50D /* TranslatorViewController.swift */ = {isa = PBXFileReference; lastKnownFileType = sourcecode.swift; path = TranslatorViewController.swift; sourceTree = "<group>"; };
		597E430228003C6F00FFA50D /* AppCoordinator.swift */ = {isa = PBXFileReference; lastKnownFileType = sourcecode.swift; path = AppCoordinator.swift; sourceTree = "<group>"; };
		597E430928004AF600FFA50D /* OC-P9-LeBaluchonTests.xctest */ = {isa = PBXFileReference; explicitFileType = wrapper.cfbundle; includeInIndex = 0; path = "OC-P9-LeBaluchonTests.xctest"; sourceTree = BUILT_PRODUCTS_DIR; };
		597E430B28004AF600FFA50D /* OC_P9_LeBaluchonTests.swift */ = {isa = PBXFileReference; lastKnownFileType = sourcecode.swift; path = OC_P9_LeBaluchonTests.swift; sourceTree = "<group>"; };
		597E431328004CEA00FFA50D /* CurrencyData.json */ = {isa = PBXFileReference; lastKnownFileType = text.json; path = CurrencyData.json; sourceTree = "<group>"; xcLanguageSpecificationIdentifier = xcode.lang.json; };
		597E431528004DC300FFA50D /* ConverterViewModel.swift */ = {isa = PBXFileReference; lastKnownFileType = sourcecode.swift; path = ConverterViewModel.swift; sourceTree = "<group>"; };
		597E43172800620500FFA50D /* FakeCurrencyData.json */ = {isa = PBXFileReference; lastKnownFileType = text.json; path = FakeCurrencyData.json; sourceTree = "<group>"; xcLanguageSpecificationIdentifier = xcode.lang.json; };
		597E431928006C1E00FFA50D /* XCTestCase.swift */ = {isa = PBXFileReference; lastKnownFileType = sourcecode.swift; path = XCTestCase.swift; sourceTree = "<group>"; };
/* End PBXFileReference section */

/* Begin PBXFrameworksBuildPhase section */
		597E42D1280039CF00FFA50D /* Frameworks */ = {
			isa = PBXFrameworksBuildPhase;
			buildActionMask = 2147483647;
			files = (
			);
			runOnlyForDeploymentPostprocessing = 0;
		};
		597E430628004AF600FFA50D /* Frameworks */ = {
			isa = PBXFrameworksBuildPhase;
			buildActionMask = 2147483647;
			files = (
			);
			runOnlyForDeploymentPostprocessing = 0;
		};
/* End PBXFrameworksBuildPhase section */

/* Begin PBXGroup section */
		597E42CB280039CF00FFA50D = {
			isa = PBXGroup;
			children = (
				597E42D6280039CF00FFA50D /* OC-P9-LeBaluchon */,
				597E430A28004AF600FFA50D /* OC-P9-LeBaluchonTests */,
				597E42D5280039CF00FFA50D /* Products */,
			);
			sourceTree = "<group>";
		};
		597E42D5280039CF00FFA50D /* Products */ = {
			isa = PBXGroup;
			children = (
				597E42D4280039CF00FFA50D /* OC-P9-LeBaluchon.app */,
				597E430928004AF600FFA50D /* OC-P9-LeBaluchonTests.xctest */,
			);
			name = Products;
			sourceTree = "<group>";
		};
		597E42D6280039CF00FFA50D /* OC-P9-LeBaluchon */ = {
			isa = PBXGroup;
			children = (
				597E42ED28003AF600FFA50D /* MainTabBarController.swift */,
				597E430228003C6F00FFA50D /* AppCoordinator.swift */,
				597E42EF28003AFF00FFA50D /* Converter Flow */,
				597E42F428003BC100FFA50D /* Weather Flow */,
				597E42FB28003C1D00FFA50D /* Translator Flow */,
				597E42EB28003A4F00FFA50D /* App Delegates */,
				597E42EC28003A5800FFA50D /* Supporting Files */,
			);
			path = "OC-P9-LeBaluchon";
			sourceTree = "<group>";
		};
		597E42EB28003A4F00FFA50D /* App Delegates */ = {
			isa = PBXGroup;
			children = (
				597E42D7280039CF00FFA50D /* AppDelegate.swift */,
				597E42D9280039CF00FFA50D /* SceneDelegate.swift */,
			);
			path = "App Delegates";
			sourceTree = "<group>";
		};
		597E42EC28003A5800FFA50D /* Supporting Files */ = {
			isa = PBXGroup;
			children = (
				597E42E0280039D100FFA50D /* Assets.xcassets */,
				597E42E2280039D100FFA50D /* LaunchScreen.storyboard */,
				597E42E5280039D100FFA50D /* Info.plist */,
			);
			path = "Supporting Files";
			sourceTree = "<group>";
		};
		597E42EF28003AFF00FFA50D /* Converter Flow */ = {
			isa = PBXGroup;
			children = (
				597E42F228003BA900FFA50D /* Coordinators */,
				597E42F328003BAF00FFA50D /* View Controllers */,
				597E43042800432100FFA50D /* View Models */,
				597E431328004CEA00FFA50D /* CurrencyData.json */,
			);
			path = "Converter Flow";
			sourceTree = "<group>";
		};
		597E42F228003BA900FFA50D /* Coordinators */ = {
			isa = PBXGroup;
			children = (
				597E42F028003BA300FFA50D /* ConverterCoordinator.swift */,
			);
			path = Coordinators;
			sourceTree = "<group>";
		};
		597E42F328003BAF00FFA50D /* View Controllers */ = {
			isa = PBXGroup;
			children = (
				597E42DB280039CF00FFA50D /* ConverterViewController.swift */,
			);
			path = "View Controllers";
			sourceTree = "<group>";
		};
		597E42F428003BC100FFA50D /* Weather Flow */ = {
			isa = PBXGroup;
			children = (
				597E42F528003BCF00FFA50D /* Coordinators */,
				597E42F628003BD600FFA50D /* View Controllers */,
			);
			path = "Weather Flow";
			sourceTree = "<group>";
		};
		597E42F528003BCF00FFA50D /* Coordinators */ = {
			isa = PBXGroup;
			children = (
				597E42F728003BFE00FFA50D /* WeatherCoordinator.swift */,
			);
			path = Coordinators;
			sourceTree = "<group>";
		};
		597E42F628003BD600FFA50D /* View Controllers */ = {
			isa = PBXGroup;
			children = (
				597E42F928003C1000FFA50D /* WeatherViewController.swift */,
			);
			path = "View Controllers";
			sourceTree = "<group>";
		};
		597E42FB28003C1D00FFA50D /* Translator Flow */ = {
			isa = PBXGroup;
			children = (
				597E42FC28003C2700FFA50D /* Coordinators */,
				597E42FD28003C2D00FFA50D /* View Controllers */,
			);
			path = "Translator Flow";
			sourceTree = "<group>";
		};
		597E42FC28003C2700FFA50D /* Coordinators */ = {
			isa = PBXGroup;
			children = (
				597E42FE28003C3E00FFA50D /* TranslatorCoordinator.swift */,
			);
			path = Coordinators;
			sourceTree = "<group>";
		};
		597E42FD28003C2D00FFA50D /* View Controllers */ = {
			isa = PBXGroup;
			children = (
				597E430028003C4B00FFA50D /* TranslatorViewController.swift */,
			);
			path = "View Controllers";
			sourceTree = "<group>";
		};
		597E43042800432100FFA50D /* View Models */ = {
			isa = PBXGroup;
			children = (
				597E431528004DC300FFA50D /* ConverterViewModel.swift */,
			);
			path = "View Models";
			sourceTree = "<group>";
		};
		597E430A28004AF600FFA50D /* OC-P9-LeBaluchonTests */ = {
			isa = PBXGroup;
			children = (
				597E431228004B0A00FFA50D /* Extensions */,
				597E430B28004AF600FFA50D /* OC_P9_LeBaluchonTests.swift */,
				597E43172800620500FFA50D /* FakeCurrencyData.json */,
			);
			path = "OC-P9-LeBaluchonTests";
			sourceTree = "<group>";
		};
		597E431228004B0A00FFA50D /* Extensions */ = {
			isa = PBXGroup;
			children = (
				597E431928006C1E00FFA50D /* XCTestCase.swift */,
			);
			path = Extensions;
			sourceTree = "<group>";
		};
/* End PBXGroup section */

/* Begin PBXNativeTarget section */
		597E42D3280039CF00FFA50D /* OC-P9-LeBaluchon */ = {
			isa = PBXNativeTarget;
			buildConfigurationList = 597E42E8280039D100FFA50D /* Build configuration list for PBXNativeTarget "OC-P9-LeBaluchon" */;
			buildPhases = (
				597E42D0280039CF00FFA50D /* Sources */,
				597E42D1280039CF00FFA50D /* Frameworks */,
				597E42D2280039CF00FFA50D /* Resources */,
			);
			buildRules = (
			);
			dependencies = (
			);
			name = "OC-P9-LeBaluchon";
			productName = "OC-P9-LeBaluchon";
			productReference = 597E42D4280039CF00FFA50D /* OC-P9-LeBaluchon.app */;
			productType = "com.apple.product-type.application";
		};
		597E430828004AF600FFA50D /* OC-P9-LeBaluchonTests */ = {
			isa = PBXNativeTarget;
			buildConfigurationList = 597E430F28004AF600FFA50D /* Build configuration list for PBXNativeTarget "OC-P9-LeBaluchonTests" */;
			buildPhases = (
				597E430528004AF600FFA50D /* Sources */,
				597E430628004AF600FFA50D /* Frameworks */,
				597E430728004AF600FFA50D /* Resources */,
			);
			buildRules = (
			);
			dependencies = (
				597E430E28004AF600FFA50D /* PBXTargetDependency */,
			);
			name = "OC-P9-LeBaluchonTests";
			productName = "OC-P9-LeBaluchonTests";
			productReference = 597E430928004AF600FFA50D /* OC-P9-LeBaluchonTests.xctest */;
			productType = "com.apple.product-type.bundle.unit-test";
		};
/* End PBXNativeTarget section */

/* Begin PBXProject section */
		597E42CC280039CF00FFA50D /* Project object */ = {
			isa = PBXProject;
			attributes = {
				BuildIndependentTargetsInParallel = 1;
				LastSwiftUpdateCheck = 1330;
				LastUpgradeCheck = 1330;
				TargetAttributes = {
					597E42D3280039CF00FFA50D = {
						CreatedOnToolsVersion = 13.3;
					};
					597E430828004AF600FFA50D = {
						CreatedOnToolsVersion = 13.3;
						TestTargetID = 597E42D3280039CF00FFA50D;
					};
				};
			};
			buildConfigurationList = 597E42CF280039CF00FFA50D /* Build configuration list for PBXProject "OC-P9-LeBaluchon" */;
			compatibilityVersion = "Xcode 13.0";
			developmentRegion = en;
			hasScannedForEncodings = 0;
			knownRegions = (
				en,
				Base,
			);
			mainGroup = 597E42CB280039CF00FFA50D;
			productRefGroup = 597E42D5280039CF00FFA50D /* Products */;
			projectDirPath = "";
			projectRoot = "";
			targets = (
				597E42D3280039CF00FFA50D /* OC-P9-LeBaluchon */,
				597E430828004AF600FFA50D /* OC-P9-LeBaluchonTests */,
			);
		};
/* End PBXProject section */

/* Begin PBXResourcesBuildPhase section */
		597E42D2280039CF00FFA50D /* Resources */ = {
			isa = PBXResourcesBuildPhase;
			buildActionMask = 2147483647;
			files = (
				597E42E4280039D100FFA50D /* LaunchScreen.storyboard in Resources */,
				597E43182800620500FFA50D /* FakeCurrencyData.json in Resources */,
				597E42E1280039D100FFA50D /* Assets.xcassets in Resources */,
				597E431428004CEA00FFA50D /* CurrencyData.json in Resources */,
			);
			runOnlyForDeploymentPostprocessing = 0;
		};
		597E430728004AF600FFA50D /* Resources */ = {
			isa = PBXResourcesBuildPhase;
			buildActionMask = 2147483647;
			files = (
			);
			runOnlyForDeploymentPostprocessing = 0;
		};
/* End PBXResourcesBuildPhase section */

/* Begin PBXSourcesBuildPhase section */
		597E42D0280039CF00FFA50D /* Sources */ = {
			isa = PBXSourcesBuildPhase;
			buildActionMask = 2147483647;
			files = (
				597E42F128003BA300FFA50D /* ConverterCoordinator.swift in Sources */,
				597E42DC280039CF00FFA50D /* ConverterViewController.swift in Sources */,
				597E430328003C6F00FFA50D /* AppCoordinator.swift in Sources */,
				597E42D8280039CF00FFA50D /* AppDelegate.swift in Sources */,
				597E42EE28003AF600FFA50D /* MainTabBarController.swift in Sources */,
				597E42FF28003C3E00FFA50D /* TranslatorCoordinator.swift in Sources */,
				597E430128003C4B00FFA50D /* TranslatorViewController.swift in Sources */,
				597E42FA28003C1000FFA50D /* WeatherViewController.swift in Sources */,
				597E42DA280039CF00FFA50D /* SceneDelegate.swift in Sources */,
				597E42F828003BFE00FFA50D /* WeatherCoordinator.swift in Sources */,
				597E431628004DC300FFA50D /* ConverterViewModel.swift in Sources */,
			);
			runOnlyForDeploymentPostprocessing = 0;
		};
		597E430528004AF600FFA50D /* Sources */ = {
			isa = PBXSourcesBuildPhase;
			buildActionMask = 2147483647;
			files = (
				597E431A28006C1E00FFA50D /* XCTestCase.swift in Sources */,
				597E430C28004AF600FFA50D /* OC_P9_LeBaluchonTests.swift in Sources */,
			);
			runOnlyForDeploymentPostprocessing = 0;
		};
/* End PBXSourcesBuildPhase section */

/* Begin PBXTargetDependency section */
		597E430E28004AF600FFA50D /* PBXTargetDependency */ = {
			isa = PBXTargetDependency;
			target = 597E42D3280039CF00FFA50D /* OC-P9-LeBaluchon */;
			targetProxy = 597E430D28004AF600FFA50D /* PBXContainerItemProxy */;
		};
/* End PBXTargetDependency section */

/* Begin PBXVariantGroup section */
		597E42E2280039D100FFA50D /* LaunchScreen.storyboard */ = {
			isa = PBXVariantGroup;
			children = (
				597E42E3280039D100FFA50D /* Base */,
			);
			name = LaunchScreen.storyboard;
			sourceTree = "<group>";
		};
/* End PBXVariantGroup section */

/* Begin XCBuildConfiguration section */
		597E42E6280039D100FFA50D /* Debug */ = {
			isa = XCBuildConfiguration;
			buildSettings = {
				ALWAYS_SEARCH_USER_PATHS = NO;
				CLANG_ANALYZER_NONNULL = YES;
				CLANG_ANALYZER_NUMBER_OBJECT_CONVERSION = YES_AGGRESSIVE;
				CLANG_CXX_LANGUAGE_STANDARD = "gnu++17";
				CLANG_ENABLE_MODULES = YES;
				CLANG_ENABLE_OBJC_ARC = YES;
				CLANG_ENABLE_OBJC_WEAK = YES;
				CLANG_WARN_BLOCK_CAPTURE_AUTORELEASING = YES;
				CLANG_WARN_BOOL_CONVERSION = YES;
				CLANG_WARN_COMMA = YES;
				CLANG_WARN_CONSTANT_CONVERSION = YES;
				CLANG_WARN_DEPRECATED_OBJC_IMPLEMENTATIONS = YES;
				CLANG_WARN_DIRECT_OBJC_ISA_USAGE = YES_ERROR;
				CLANG_WARN_DOCUMENTATION_COMMENTS = YES;
				CLANG_WARN_EMPTY_BODY = YES;
				CLANG_WARN_ENUM_CONVERSION = YES;
				CLANG_WARN_INFINITE_RECURSION = YES;
				CLANG_WARN_INT_CONVERSION = YES;
				CLANG_WARN_NON_LITERAL_NULL_CONVERSION = YES;
				CLANG_WARN_OBJC_IMPLICIT_RETAIN_SELF = YES;
				CLANG_WARN_OBJC_LITERAL_CONVERSION = YES;
				CLANG_WARN_OBJC_ROOT_CLASS = YES_ERROR;
				CLANG_WARN_QUOTED_INCLUDE_IN_FRAMEWORK_HEADER = YES;
				CLANG_WARN_RANGE_LOOP_ANALYSIS = YES;
				CLANG_WARN_STRICT_PROTOTYPES = YES;
				CLANG_WARN_SUSPICIOUS_MOVE = YES;
				CLANG_WARN_UNGUARDED_AVAILABILITY = YES_AGGRESSIVE;
				CLANG_WARN_UNREACHABLE_CODE = YES;
				CLANG_WARN__DUPLICATE_METHOD_MATCH = YES;
				COPY_PHASE_STRIP = NO;
				DEBUG_INFORMATION_FORMAT = dwarf;
				ENABLE_STRICT_OBJC_MSGSEND = YES;
				ENABLE_TESTABILITY = YES;
				GCC_C_LANGUAGE_STANDARD = gnu11;
				GCC_DYNAMIC_NO_PIC = NO;
				GCC_NO_COMMON_BLOCKS = YES;
				GCC_OPTIMIZATION_LEVEL = 0;
				GCC_PREPROCESSOR_DEFINITIONS = (
					"DEBUG=1",
					"$(inherited)",
				);
				GCC_WARN_64_TO_32_BIT_CONVERSION = YES;
				GCC_WARN_ABOUT_RETURN_TYPE = YES_ERROR;
				GCC_WARN_UNDECLARED_SELECTOR = YES;
				GCC_WARN_UNINITIALIZED_AUTOS = YES_AGGRESSIVE;
				GCC_WARN_UNUSED_FUNCTION = YES;
				GCC_WARN_UNUSED_VARIABLE = YES;
				IPHONEOS_DEPLOYMENT_TARGET = 15.4;
				MTL_ENABLE_DEBUG_INFO = INCLUDE_SOURCE;
				MTL_FAST_MATH = YES;
				ONLY_ACTIVE_ARCH = YES;
				SDKROOT = iphoneos;
				SWIFT_ACTIVE_COMPILATION_CONDITIONS = DEBUG;
				SWIFT_OPTIMIZATION_LEVEL = "-Onone";
			};
			name = Debug;
		};
		597E42E7280039D100FFA50D /* Release */ = {
			isa = XCBuildConfiguration;
			buildSettings = {
				ALWAYS_SEARCH_USER_PATHS = NO;
				CLANG_ANALYZER_NONNULL = YES;
				CLANG_ANALYZER_NUMBER_OBJECT_CONVERSION = YES_AGGRESSIVE;
				CLANG_CXX_LANGUAGE_STANDARD = "gnu++17";
				CLANG_ENABLE_MODULES = YES;
				CLANG_ENABLE_OBJC_ARC = YES;
				CLANG_ENABLE_OBJC_WEAK = YES;
				CLANG_WARN_BLOCK_CAPTURE_AUTORELEASING = YES;
				CLANG_WARN_BOOL_CONVERSION = YES;
				CLANG_WARN_COMMA = YES;
				CLANG_WARN_CONSTANT_CONVERSION = YES;
				CLANG_WARN_DEPRECATED_OBJC_IMPLEMENTATIONS = YES;
				CLANG_WARN_DIRECT_OBJC_ISA_USAGE = YES_ERROR;
				CLANG_WARN_DOCUMENTATION_COMMENTS = YES;
				CLANG_WARN_EMPTY_BODY = YES;
				CLANG_WARN_ENUM_CONVERSION = YES;
				CLANG_WARN_INFINITE_RECURSION = YES;
				CLANG_WARN_INT_CONVERSION = YES;
				CLANG_WARN_NON_LITERAL_NULL_CONVERSION = YES;
				CLANG_WARN_OBJC_IMPLICIT_RETAIN_SELF = YES;
				CLANG_WARN_OBJC_LITERAL_CONVERSION = YES;
				CLANG_WARN_OBJC_ROOT_CLASS = YES_ERROR;
				CLANG_WARN_QUOTED_INCLUDE_IN_FRAMEWORK_HEADER = YES;
				CLANG_WARN_RANGE_LOOP_ANALYSIS = YES;
				CLANG_WARN_STRICT_PROTOTYPES = YES;
				CLANG_WARN_SUSPICIOUS_MOVE = YES;
				CLANG_WARN_UNGUARDED_AVAILABILITY = YES_AGGRESSIVE;
				CLANG_WARN_UNREACHABLE_CODE = YES;
				CLANG_WARN__DUPLICATE_METHOD_MATCH = YES;
				COPY_PHASE_STRIP = NO;
				DEBUG_INFORMATION_FORMAT = "dwarf-with-dsym";
				ENABLE_NS_ASSERTIONS = NO;
				ENABLE_STRICT_OBJC_MSGSEND = YES;
				GCC_C_LANGUAGE_STANDARD = gnu11;
				GCC_NO_COMMON_BLOCKS = YES;
				GCC_WARN_64_TO_32_BIT_CONVERSION = YES;
				GCC_WARN_ABOUT_RETURN_TYPE = YES_ERROR;
				GCC_WARN_UNDECLARED_SELECTOR = YES;
				GCC_WARN_UNINITIALIZED_AUTOS = YES_AGGRESSIVE;
				GCC_WARN_UNUSED_FUNCTION = YES;
				GCC_WARN_UNUSED_VARIABLE = YES;
				IPHONEOS_DEPLOYMENT_TARGET = 15.4;
				MTL_ENABLE_DEBUG_INFO = NO;
				MTL_FAST_MATH = YES;
				SDKROOT = iphoneos;
				SWIFT_COMPILATION_MODE = wholemodule;
				SWIFT_OPTIMIZATION_LEVEL = "-O";
				VALIDATE_PRODUCT = YES;
			};
			name = Release;
		};
		597E42E9280039D100FFA50D /* Debug */ = {
			isa = XCBuildConfiguration;
			buildSettings = {
				ASSETCATALOG_COMPILER_APPICON_NAME = AppIcon;
				ASSETCATALOG_COMPILER_GLOBAL_ACCENT_COLOR_NAME = AccentColor;
				CODE_SIGN_STYLE = Automatic;
				CURRENT_PROJECT_VERSION = 1;
				DEVELOPMENT_TEAM = S25TANK5XP;
				GENERATE_INFOPLIST_FILE = YES;
				INFOPLIST_FILE = "OC-P9-LeBaluchon/Supporting Files/Info.plist";
				INFOPLIST_KEY_UIApplicationSupportsIndirectInputEvents = YES;
				INFOPLIST_KEY_UILaunchStoryboardName = LaunchScreen;
				INFOPLIST_KEY_UISupportedInterfaceOrientations_iPad = "UIInterfaceOrientationPortrait UIInterfaceOrientationPortraitUpsideDown UIInterfaceOrientationLandscapeLeft UIInterfaceOrientationLandscapeRight";
				INFOPLIST_KEY_UISupportedInterfaceOrientations_iPhone = "UIInterfaceOrientationPortrait UIInterfaceOrientationLandscapeLeft UIInterfaceOrientationLandscapeRight";
				LD_RUNPATH_SEARCH_PATHS = (
					"$(inherited)",
					"@executable_path/Frameworks",
				);
				MARKETING_VERSION = 1.0;
				PRODUCT_BUNDLE_IDENTIFIER = "adPiscinam.OC-P9-LeBaluchon";
				PRODUCT_NAME = "$(TARGET_NAME)";
				SWIFT_EMIT_LOC_STRINGS = YES;
				SWIFT_VERSION = 5.0;
				TARGETED_DEVICE_FAMILY = 1;
			};
			name = Debug;
		};
		597E42EA280039D100FFA50D /* Release */ = {
			isa = XCBuildConfiguration;
			buildSettings = {
				ASSETCATALOG_COMPILER_APPICON_NAME = AppIcon;
				ASSETCATALOG_COMPILER_GLOBAL_ACCENT_COLOR_NAME = AccentColor;
				CODE_SIGN_STYLE = Automatic;
				CURRENT_PROJECT_VERSION = 1;
				DEVELOPMENT_TEAM = S25TANK5XP;
				GENERATE_INFOPLIST_FILE = YES;
				INFOPLIST_FILE = "OC-P9-LeBaluchon/Supporting Files/Info.plist";
				INFOPLIST_KEY_UIApplicationSupportsIndirectInputEvents = YES;
				INFOPLIST_KEY_UILaunchStoryboardName = LaunchScreen;
				INFOPLIST_KEY_UISupportedInterfaceOrientations_iPad = "UIInterfaceOrientationPortrait UIInterfaceOrientationPortraitUpsideDown UIInterfaceOrientationLandscapeLeft UIInterfaceOrientationLandscapeRight";
				INFOPLIST_KEY_UISupportedInterfaceOrientations_iPhone = "UIInterfaceOrientationPortrait UIInterfaceOrientationLandscapeLeft UIInterfaceOrientationLandscapeRight";
				LD_RUNPATH_SEARCH_PATHS = (
					"$(inherited)",
					"@executable_path/Frameworks",
				);
				MARKETING_VERSION = 1.0;
				PRODUCT_BUNDLE_IDENTIFIER = "adPiscinam.OC-P9-LeBaluchon";
				PRODUCT_NAME = "$(TARGET_NAME)";
				SWIFT_EMIT_LOC_STRINGS = YES;
				SWIFT_VERSION = 5.0;
				TARGETED_DEVICE_FAMILY = 1;
			};
			name = Release;
		};
		597E431028004AF600FFA50D /* Debug */ = {
			isa = XCBuildConfiguration;
			buildSettings = {
				BUNDLE_LOADER = "$(TEST_HOST)";
				CODE_SIGN_STYLE = Automatic;
				CURRENT_PROJECT_VERSION = 1;
				DEVELOPMENT_TEAM = S25TANK5XP;
				GENERATE_INFOPLIST_FILE = YES;
				MARKETING_VERSION = 1.0;
				PRODUCT_BUNDLE_IDENTIFIER = "adPiscinam.OC-P9-LeBaluchonTests";
				PRODUCT_NAME = "$(TARGET_NAME)";
				SWIFT_EMIT_LOC_STRINGS = NO;
				SWIFT_VERSION = 5.0;
				TARGETED_DEVICE_FAMILY = "1,2";
				TEST_HOST = "$(BUILT_PRODUCTS_DIR)/OC-P9-LeBaluchon.app/OC-P9-LeBaluchon";
			};
			name = Debug;
		};
		597E431128004AF600FFA50D /* Release */ = {
			isa = XCBuildConfiguration;
			buildSettings = {
				BUNDLE_LOADER = "$(TEST_HOST)";
				CODE_SIGN_STYLE = Automatic;
				CURRENT_PROJECT_VERSION = 1;
				DEVELOPMENT_TEAM = S25TANK5XP;
				GENERATE_INFOPLIST_FILE = YES;
				MARKETING_VERSION = 1.0;
				PRODUCT_BUNDLE_IDENTIFIER = "adPiscinam.OC-P9-LeBaluchonTests";
				PRODUCT_NAME = "$(TARGET_NAME)";
				SWIFT_EMIT_LOC_STRINGS = NO;
				SWIFT_VERSION = 5.0;
				TARGETED_DEVICE_FAMILY = "1,2";
				TEST_HOST = "$(BUILT_PRODUCTS_DIR)/OC-P9-LeBaluchon.app/OC-P9-LeBaluchon";
			};
			name = Release;
		};
/* End XCBuildConfiguration section */

/* Begin XCConfigurationList section */
		597E42CF280039CF00FFA50D /* Build configuration list for PBXProject "OC-P9-LeBaluchon" */ = {
			isa = XCConfigurationList;
			buildConfigurations = (
				597E42E6280039D100FFA50D /* Debug */,
				597E42E7280039D100FFA50D /* Release */,
			);
			defaultConfigurationIsVisible = 0;
			defaultConfigurationName = Release;
		};
		597E42E8280039D100FFA50D /* Build configuration list for PBXNativeTarget "OC-P9-LeBaluchon" */ = {
			isa = XCConfigurationList;
			buildConfigurations = (
				597E42E9280039D100FFA50D /* Debug */,
				597E42EA280039D100FFA50D /* Release */,
			);
			defaultConfigurationIsVisible = 0;
			defaultConfigurationName = Release;
		};
		597E430F28004AF600FFA50D /* Build configuration list for PBXNativeTarget "OC-P9-LeBaluchonTests" */ = {
			isa = XCConfigurationList;
			buildConfigurations = (
				597E431028004AF600FFA50D /* Debug */,
				597E431128004AF600FFA50D /* Release */,
			);
			defaultConfigurationIsVisible = 0;
			defaultConfigurationName = Release;
		};
/* End XCConfigurationList section */
	};
	rootObject = 597E42CC280039CF00FFA50D /* Project object */;
}
